// !$*UTF8*$!
{
	archiveVersion = 1;
	classes = {
	};
	objectVersion = 46;
	objects = {

/* Begin PBXBuildFile section */
		1B2D05B117F2F88E00D77748 /* DCCoreDataStore.m in Sources */ = {isa = PBXBuildFile; fileRef = 1B2D05AE17F2F88E00D77748 /* DCCoreDataStore.m */; };
		1B2D05B217F2F88E00D77748 /* DCCoreDataStore.m in Sources */ = {isa = PBXBuildFile; fileRef = 1B2D05AE17F2F88E00D77748 /* DCCoreDataStore.m */; };
		1B2D05B317F2F88E00D77748 /* DCCoreDataStoreManager.m in Sources */ = {isa = PBXBuildFile; fileRef = 1B2D05B017F2F88E00D77748 /* DCCoreDataStoreManager.m */; };
		1B2D05B417F2F88E00D77748 /* DCCoreDataStoreManager.m in Sources */ = {isa = PBXBuildFile; fileRef = 1B2D05B017F2F88E00D77748 /* DCCoreDataStoreManager.m */; };
		1BD215B0176F2EA700147CC4 /* Foundation.framework in Frameworks */ = {isa = PBXBuildFile; fileRef = 1BD215AF176F2EA700147CC4 /* Foundation.framework */; };
		1BD215B7176F2EA700147CC4 /* FOX_iOS.m in Sources */ = {isa = PBXBuildFile; fileRef = 1BD215B6176F2EA700147CC4 /* FOX_iOS.m */; };
		1BD215BF176F2EA700147CC4 /* SenTestingKit.framework in Frameworks */ = {isa = PBXBuildFile; fileRef = 1BD215BE176F2EA700147CC4 /* SenTestingKit.framework */; };
		1BD215C1176F2EA700147CC4 /* UIKit.framework in Frameworks */ = {isa = PBXBuildFile; fileRef = 1BD215C0176F2EA700147CC4 /* UIKit.framework */; };
		1BD215C2176F2EA700147CC4 /* Foundation.framework in Frameworks */ = {isa = PBXBuildFile; fileRef = 1BD215AF176F2EA700147CC4 /* Foundation.framework */; };
		1BD215C5176F2EA700147CC4 /* libFOX_iOS.a in Frameworks */ = {isa = PBXBuildFile; fileRef = 1BD215AC176F2EA700147CC4 /* libFOX_iOS.a */; };
		1BD215CB176F2EA700147CC4 /* InfoPlist.strings in Resources */ = {isa = PBXBuildFile; fileRef = 1BD215C9176F2EA700147CC4 /* InfoPlist.strings */; };
		1BD215CE176F2EA700147CC4 /* FOX_iOSTests.m in Sources */ = {isa = PBXBuildFile; fileRef = 1BD215CD176F2EA700147CC4 /* FOX_iOSTests.m */; };
		1BE60782176F4AC300C46A1B /* DCDataStore.m in Sources */ = {isa = PBXBuildFile; fileRef = 1BE6077D176F4AC300C46A1B /* DCDataStore.m */; };
		1BE60783176F4AC300C46A1B /* DCDataStore.m in Sources */ = {isa = PBXBuildFile; fileRef = 1BE6077D176F4AC300C46A1B /* DCDataStore.m */; };
		1BE60784176F4AC300C46A1B /* DCDataStoreManager.m in Sources */ = {isa = PBXBuildFile; fileRef = 1BE6077F176F4AC300C46A1B /* DCDataStoreManager.m */; };
		1BE60785176F4AC300C46A1B /* DCDataStoreManager.m in Sources */ = {isa = PBXBuildFile; fileRef = 1BE6077F176F4AC300C46A1B /* DCDataStoreManager.m */; };
		1BE60786176F4AC300C46A1B /* DCDataStoreOperator.m in Sources */ = {isa = PBXBuildFile; fileRef = 1BE60781176F4AC300C46A1B /* DCDataStoreOperator.m */; };
		1BE60787176F4AC300C46A1B /* DCDataStoreOperator.m in Sources */ = {isa = PBXBuildFile; fileRef = 1BE60781176F4AC300C46A1B /* DCDataStoreOperator.m */; };
		1BE6078B176F535900C46A1B /* libCodeGear_ObjC_iOS.a in Frameworks */ = {isa = PBXBuildFile; fileRef = 1BE6078A176F535900C46A1B /* libCodeGear_ObjC_iOS.a */; };
		1BE6078C176F53AB00C46A1B /* DCDataStore.h in CopyFiles */ = {isa = PBXBuildFile; fileRef = 1BE6077C176F4AC300C46A1B /* DCDataStore.h */; };
		1BE6078D176F53AB00C46A1B /* DCDataStoreManager.h in CopyFiles */ = {isa = PBXBuildFile; fileRef = 1BE6077E176F4AC300C46A1B /* DCDataStoreManager.h */; };
		8D14BF9517F3C9CF0059BC16 /* DCCoreDataStore.h in CopyFiles */ = {isa = PBXBuildFile; fileRef = 1B2D05AD17F2F88D00D77748 /* DCCoreDataStore.h */; };
		8D14BF9617F3C9CF0059BC16 /* DCCoreDataStoreManager.h in CopyFiles */ = {isa = PBXBuildFile; fileRef = 1B2D05AF17F2F88E00D77748 /* DCCoreDataStoreManager.h */; };
		8D29A6661782A9100035A007 /* DCDataStoreReader.h in CopyFiles */ = {isa = PBXBuildFile; fileRef = 8D945415177C12AC005EFB5F /* DCDataStoreReader.h */; };
		8D29A6671782A9100035A007 /* DCDataStoreWriter.h in CopyFiles */ = {isa = PBXBuildFile; fileRef = 8D945417177C12AC005EFB5F /* DCDataStoreWriter.h */; };
		8D7037BC1783EFE6001F7C1A /* DCDataStoreOperator.h in CopyFiles */ = {isa = PBXBuildFile; fileRef = 1BE60780176F4AC300C46A1B /* DCDataStoreOperator.h */; };
		8D945419177C12AC005EFB5F /* DCDataStoreReader.m in Sources */ = {isa = PBXBuildFile; fileRef = 8D945416177C12AC005EFB5F /* DCDataStoreReader.m */; };
		8D94541A177C12AC005EFB5F /* DCDataStoreReader.m in Sources */ = {isa = PBXBuildFile; fileRef = 8D945416177C12AC005EFB5F /* DCDataStoreReader.m */; };
		8D94541B177C12AC005EFB5F /* DCDataStoreWriter.m in Sources */ = {isa = PBXBuildFile; fileRef = 8D945418177C12AC005EFB5F /* DCDataStoreWriter.m */; };
		8D94541C177C12AC005EFB5F /* DCDataStoreWriter.m in Sources */ = {isa = PBXBuildFile; fileRef = 8D945418177C12AC005EFB5F /* DCDataStoreWriter.m */; };
/* End PBXBuildFile section */

/* Begin PBXContainerItemProxy section */
		1BD215C3176F2EA700147CC4 /* PBXContainerItemProxy */ = {
			isa = PBXContainerItemProxy;
			containerPortal = 1BD215A4176F2EA700147CC4 /* Project object */;
			proxyType = 1;
			remoteGlobalIDString = 1BD215AB176F2EA700147CC4;
			remoteInfo = FOX_iOS;
		};
/* End PBXContainerItemProxy section */

/* Begin PBXCopyFilesBuildPhase section */
		1BD215AA176F2EA700147CC4 /* CopyFiles */ = {
			isa = PBXCopyFilesBuildPhase;
			buildActionMask = 2147483647;
			dstPath = "include/${PRODUCT_NAME}";
			dstSubfolderSpec = 16;
			files = (
				8D14BF9517F3C9CF0059BC16 /* DCCoreDataStore.h in CopyFiles */,
				8D14BF9617F3C9CF0059BC16 /* DCCoreDataStoreManager.h in CopyFiles */,
				8D7037BC1783EFE6001F7C1A /* DCDataStoreOperator.h in CopyFiles */,
				8D29A6661782A9100035A007 /* DCDataStoreReader.h in CopyFiles */,
				8D29A6671782A9100035A007 /* DCDataStoreWriter.h in CopyFiles */,
				1BE6078C176F53AB00C46A1B /* DCDataStore.h in CopyFiles */,
				1BE6078D176F53AB00C46A1B /* DCDataStoreManager.h in CopyFiles */,
			);
			runOnlyForDeploymentPostprocessing = 0;
		};
/* End PBXCopyFilesBuildPhase section */

/* Begin PBXFileReference section */
		1B2D05AD17F2F88D00D77748 /* DCCoreDataStore.h */ = {isa = PBXFileReference; fileEncoding = 4; lastKnownFileType = sourcecode.c.h; name = DCCoreDataStore.h; path = ../../FOX/DCCoreDataStore.h; sourceTree = "<group>"; };
		1B2D05AE17F2F88E00D77748 /* DCCoreDataStore.m */ = {isa = PBXFileReference; fileEncoding = 4; lastKnownFileType = sourcecode.c.objc; name = DCCoreDataStore.m; path = ../../FOX/DCCoreDataStore.m; sourceTree = "<group>"; };
		1B2D05AF17F2F88E00D77748 /* DCCoreDataStoreManager.h */ = {isa = PBXFileReference; fileEncoding = 4; lastKnownFileType = sourcecode.c.h; name = DCCoreDataStoreManager.h; path = ../../FOX/DCCoreDataStoreManager.h; sourceTree = "<group>"; };
		1B2D05B017F2F88E00D77748 /* DCCoreDataStoreManager.m */ = {isa = PBXFileReference; fileEncoding = 4; lastKnownFileType = sourcecode.c.objc; name = DCCoreDataStoreManager.m; path = ../../FOX/DCCoreDataStoreManager.m; sourceTree = "<group>"; };
		1BD215AC176F2EA700147CC4 /* libFOX_iOS.a */ = {isa = PBXFileReference; explicitFileType = archive.ar; includeInIndex = 0; path = libFOX_iOS.a; sourceTree = BUILT_PRODUCTS_DIR; };
		1BD215AF176F2EA700147CC4 /* Foundation.framework */ = {isa = PBXFileReference; lastKnownFileType = wrapper.framework; name = Foundation.framework; path = System/Library/Frameworks/Foundation.framework; sourceTree = SDKROOT; };
		1BD215B3176F2EA700147CC4 /* FOX_iOS-Prefix.pch */ = {isa = PBXFileReference; lastKnownFileType = sourcecode.c.h; path = "FOX_iOS-Prefix.pch"; sourceTree = "<group>"; };
		1BD215B4176F2EA700147CC4 /* FOX_iOS.h */ = {isa = PBXFileReference; lastKnownFileType = sourcecode.c.h; path = FOX_iOS.h; sourceTree = "<group>"; };
		1BD215B6176F2EA700147CC4 /* FOX_iOS.m */ = {isa = PBXFileReference; lastKnownFileType = sourcecode.c.objc; path = FOX_iOS.m; sourceTree = "<group>"; };
		1BD215BD176F2EA700147CC4 /* FOX_iOSTests.octest */ = {isa = PBXFileReference; explicitFileType = wrapper.cfbundle; includeInIndex = 0; path = FOX_iOSTests.octest; sourceTree = BUILT_PRODUCTS_DIR; };
		1BD215BE176F2EA700147CC4 /* SenTestingKit.framework */ = {isa = PBXFileReference; lastKnownFileType = wrapper.framework; name = SenTestingKit.framework; path = Library/Frameworks/SenTestingKit.framework; sourceTree = DEVELOPER_DIR; };
		1BD215C0176F2EA700147CC4 /* UIKit.framework */ = {isa = PBXFileReference; lastKnownFileType = wrapper.framework; name = UIKit.framework; path = Library/Frameworks/UIKit.framework; sourceTree = DEVELOPER_DIR; };
		1BD215C8176F2EA700147CC4 /* FOX_iOSTests-Info.plist */ = {isa = PBXFileReference; lastKnownFileType = text.plist.xml; path = "FOX_iOSTests-Info.plist"; sourceTree = "<group>"; };
		1BD215CA176F2EA700147CC4 /* en */ = {isa = PBXFileReference; lastKnownFileType = text.plist.strings; name = en; path = en.lproj/InfoPlist.strings; sourceTree = "<group>"; };
		1BD215CC176F2EA700147CC4 /* FOX_iOSTests.h */ = {isa = PBXFileReference; lastKnownFileType = sourcecode.c.h; path = FOX_iOSTests.h; sourceTree = "<group>"; };
		1BD215CD176F2EA700147CC4 /* FOX_iOSTests.m */ = {isa = PBXFileReference; lastKnownFileType = sourcecode.c.objc; path = FOX_iOSTests.m; sourceTree = "<group>"; };
		1BE6077C176F4AC300C46A1B /* DCDataStore.h */ = {isa = PBXFileReference; fileEncoding = 4; lastKnownFileType = sourcecode.c.h; name = DCDataStore.h; path = ../../FOX/DCDataStore.h; sourceTree = "<group>"; };
		1BE6077D176F4AC300C46A1B /* DCDataStore.m */ = {isa = PBXFileReference; fileEncoding = 4; lastKnownFileType = sourcecode.c.objc; name = DCDataStore.m; path = ../../FOX/DCDataStore.m; sourceTree = "<group>"; };
		1BE6077E176F4AC300C46A1B /* DCDataStoreManager.h */ = {isa = PBXFileReference; fileEncoding = 4; lastKnownFileType = sourcecode.c.h; name = DCDataStoreManager.h; path = ../../FOX/DCDataStoreManager.h; sourceTree = "<group>"; };
		1BE6077F176F4AC300C46A1B /* DCDataStoreManager.m */ = {isa = PBXFileReference; fileEncoding = 4; lastKnownFileType = sourcecode.c.objc; name = DCDataStoreManager.m; path = ../../FOX/DCDataStoreManager.m; sourceTree = "<group>"; };
		1BE60780176F4AC300C46A1B /* DCDataStoreOperator.h */ = {isa = PBXFileReference; fileEncoding = 4; lastKnownFileType = sourcecode.c.h; name = DCDataStoreOperator.h; path = ../../FOX/DCDataStoreOperator.h; sourceTree = "<group>"; };
		1BE60781176F4AC300C46A1B /* DCDataStoreOperator.m */ = {isa = PBXFileReference; fileEncoding = 4; lastKnownFileType = sourcecode.c.objc; name = DCDataStoreOperator.m; path = ../../FOX/DCDataStoreOperator.m; sourceTree = "<group>"; };
		1BE6078A176F535900C46A1B /* libCodeGear_ObjC_iOS.a */ = {isa = PBXFileReference; lastKnownFileType = archive.ar; name = libCodeGear_ObjC_iOS.a; path = ../Res/iOS/CodeGear/libCodeGear_ObjC_iOS.a; sourceTree = "<group>"; };
		8D29A6C81782AD0E0035A007 /* CodeGear_ObjC_iOS.h */ = {isa = PBXFileReference; fileEncoding = 4; lastKnownFileType = sourcecode.c.h; path = CodeGear_ObjC_iOS.h; sourceTree = "<group>"; };
		8D29A6C91782AD0E0035A007 /* DCCommonConstants.h */ = {isa = PBXFileReference; fileEncoding = 4; lastKnownFileType = sourcecode.c.h; path = DCCommonConstants.h; sourceTree = "<group>"; };
		8D29A6CA1782AD0E0035A007 /* DCCommonUtility.h */ = {isa = PBXFileReference; fileEncoding = 4; lastKnownFileType = sourcecode.c.h; path = DCCommonUtility.h; sourceTree = "<group>"; };
		8D29A6CB1782AD0E0035A007 /* DCImageHelper.h */ = {isa = PBXFileReference; fileEncoding = 4; lastKnownFileType = sourcecode.c.h; path = DCImageHelper.h; sourceTree = "<group>"; };
		8D29A6CC1782AD0E0035A007 /* DCSafeARC.h */ = {isa = PBXFileReference; fileEncoding = 4; lastKnownFileType = sourcecode.c.h; path = DCSafeARC.h; sourceTree = "<group>"; };
		8D29A6CD1782AD0E0035A007 /* DCSingletonTemplate.h */ = {isa = PBXFileReference; fileEncoding = 4; lastKnownFileType = sourcecode.c.h; path = DCSingletonTemplate.h; sourceTree = "<group>"; };
		8D29A6CE1782AD0E0035A007 /* DCWebUtility.h */ = {isa = PBXFileReference; fileEncoding = 4; lastKnownFileType = sourcecode.c.h; path = DCWebUtility.h; sourceTree = "<group>"; };
		8D29A6CF1782AD0E0035A007 /* NSString+URLCoding.h */ = {isa = PBXFileReference; fileEncoding = 4; lastKnownFileType = sourcecode.c.h; path = "NSString+URLCoding.h"; sourceTree = "<group>"; };
		8D29A6D01782AD0E0035A007 /* DCLogger.h */ = {isa = PBXFileReference; fileEncoding = 4; lastKnownFileType = sourcecode.c.h; path = DCLogger.h; sourceTree = "<group>"; };
		8D945415177C12AC005EFB5F /* DCDataStoreReader.h */ = {isa = PBXFileReference; fileEncoding = 4; lastKnownFileType = sourcecode.c.h; name = DCDataStoreReader.h; path = ../../FOX/DCDataStoreReader.h; sourceTree = "<group>"; };
		8D945416177C12AC005EFB5F /* DCDataStoreReader.m */ = {isa = PBXFileReference; fileEncoding = 4; lastKnownFileType = sourcecode.c.objc; name = DCDataStoreReader.m; path = ../../FOX/DCDataStoreReader.m; sourceTree = "<group>"; };
		8D945417177C12AC005EFB5F /* DCDataStoreWriter.h */ = {isa = PBXFileReference; fileEncoding = 4; lastKnownFileType = sourcecode.c.h; name = DCDataStoreWriter.h; path = ../../FOX/DCDataStoreWriter.h; sourceTree = "<group>"; };
		8D945418177C12AC005EFB5F /* DCDataStoreWriter.m */ = {isa = PBXFileReference; fileEncoding = 4; lastKnownFileType = sourcecode.c.objc; name = DCDataStoreWriter.m; path = ../../FOX/DCDataStoreWriter.m; sourceTree = "<group>"; };
/* End PBXFileReference section */

/* Begin PBXFrameworksBuildPhase section */
		1BD215A9176F2EA700147CC4 /* Frameworks */ = {
			isa = PBXFrameworksBuildPhase;
			buildActionMask = 2147483647;
			files = (
				1BE6078B176F535900C46A1B /* libCodeGear_ObjC_iOS.a in Frameworks */,
				1BD215B0176F2EA700147CC4 /* Foundation.framework in Frameworks */,
			);
			runOnlyForDeploymentPostprocessing = 0;
		};
		1BD215B9176F2EA700147CC4 /* Frameworks */ = {
			isa = PBXFrameworksBuildPhase;
			buildActionMask = 2147483647;
			files = (
				1BD215BF176F2EA700147CC4 /* SenTestingKit.framework in Frameworks */,
				1BD215C1176F2EA700147CC4 /* UIKit.framework in Frameworks */,
				1BD215C2176F2EA700147CC4 /* Foundation.framework in Frameworks */,
				1BD215C5176F2EA700147CC4 /* libFOX_iOS.a in Frameworks */,
			);
			runOnlyForDeploymentPostprocessing = 0;
		};
/* End PBXFrameworksBuildPhase section */

/* Begin PBXGroup section */
		1BD215A3176F2EA700147CC4 = {
			isa = PBXGroup;
			children = (
				1BD215B1176F2EA700147CC4 /* FOX_iOS */,
				1BD215C6176F2EA700147CC4 /* FOX_iOSTests */,
				1BD215AE176F2EA700147CC4 /* Frameworks */,
				1BD215AD176F2EA700147CC4 /* Products */,
			);
			sourceTree = "<group>";
		};
		1BD215AD176F2EA700147CC4 /* Products */ = {
			isa = PBXGroup;
			children = (
				1BD215AC176F2EA700147CC4 /* libFOX_iOS.a */,
				1BD215BD176F2EA700147CC4 /* FOX_iOSTests.octest */,
			);
			name = Products;
			sourceTree = "<group>";
		};
		1BD215AE176F2EA700147CC4 /* Frameworks */ = {
			isa = PBXGroup;
			children = (
				8D29A65C1782A8D10035A007 /* libCodeGear */,
				1BD215AF176F2EA700147CC4 /* Foundation.framework */,
				1BD215BE176F2EA700147CC4 /* SenTestingKit.framework */,
				1BD215C0176F2EA700147CC4 /* UIKit.framework */,
			);
			name = Frameworks;
			sourceTree = "<group>";
		};
		1BD215B1176F2EA700147CC4 /* FOX_iOS */ = {
			isa = PBXGroup;
			children = (
				1BD215B2176F2EA700147CC4 /* Supporting Files */,
				1BD215B4176F2EA700147CC4 /* FOX_iOS.h */,
				1BD215B6176F2EA700147CC4 /* FOX_iOS.m */,
				1BE6077E176F4AC300C46A1B /* DCDataStoreManager.h */,
				1BE6077F176F4AC300C46A1B /* DCDataStoreManager.m */,
				1BE6077C176F4AC300C46A1B /* DCDataStore.h */,
				1BE6077D176F4AC300C46A1B /* DCDataStore.m */,
				1BE60780176F4AC300C46A1B /* DCDataStoreOperator.h */,
				1BE60781176F4AC300C46A1B /* DCDataStoreOperator.m */,
				8D945415177C12AC005EFB5F /* DCDataStoreReader.h */,
				8D945416177C12AC005EFB5F /* DCDataStoreReader.m */,
				8D945417177C12AC005EFB5F /* DCDataStoreWriter.h */,
				8D945418177C12AC005EFB5F /* DCDataStoreWriter.m */,
				1B2D05AD17F2F88D00D77748 /* DCCoreDataStore.h */,
				1B2D05AE17F2F88E00D77748 /* DCCoreDataStore.m */,
				1B2D05AF17F2F88E00D77748 /* DCCoreDataStoreManager.h */,
				1B2D05B017F2F88E00D77748 /* DCCoreDataStoreManager.m */,
			);
			path = FOX_iOS;
			sourceTree = "<group>";
		};
		1BD215B2176F2EA700147CC4 /* Supporting Files */ = {
			isa = PBXGroup;
			children = (
				1BD215B3176F2EA700147CC4 /* FOX_iOS-Prefix.pch */,
			);
			name = "Supporting Files";
			sourceTree = "<group>";
		};
		1BD215C6176F2EA700147CC4 /* FOX_iOSTests */ = {
			isa = PBXGroup;
			children = (
				1BD215CC176F2EA700147CC4 /* FOX_iOSTests.h */,
				1BD215CD176F2EA700147CC4 /* FOX_iOSTests.m */,
				1BD215C7176F2EA700147CC4 /* Supporting Files */,
			);
			path = FOX_iOSTests;
			sourceTree = "<group>";
		};
		1BD215C7176F2EA700147CC4 /* Supporting Files */ = {
			isa = PBXGroup;
			children = (
				1BD215C8176F2EA700147CC4 /* FOX_iOSTests-Info.plist */,
				1BD215C9176F2EA700147CC4 /* InfoPlist.strings */,
			);
			name = "Supporting Files";
			sourceTree = "<group>";
		};
		8D29A65C1782A8D10035A007 /* libCodeGear */ = {
			isa = PBXGroup;
			children = (
				8D29A6C71782AD0E0035A007 /* include */,
				1BE6078A176F535900C46A1B /* libCodeGear_ObjC_iOS.a */,
			);
			name = libCodeGear;
			sourceTree = "<group>";
		};
		8D29A6C71782AD0E0035A007 /* include */ = {
			isa = PBXGroup;
			children = (
				8D29A6C81782AD0E0035A007 /* CodeGear_ObjC_iOS.h */,
				8D29A6C91782AD0E0035A007 /* DCCommonConstants.h */,
				8D29A6CA1782AD0E0035A007 /* DCCommonUtility.h */,
				8D29A6CB1782AD0E0035A007 /* DCImageHelper.h */,
				8D29A6CC1782AD0E0035A007 /* DCSafeARC.h */,
				8D29A6CD1782AD0E0035A007 /* DCSingletonTemplate.h */,
				8D29A6CE1782AD0E0035A007 /* DCWebUtility.h */,
				8D29A6CF1782AD0E0035A007 /* NSString+URLCoding.h */,
				8D29A6D01782AD0E0035A007 /* DCLogger.h */,
			);
			name = include;
			path = ../Res/iOS/CodeGear/include;
			sourceTree = "<group>";
		};
/* End PBXGroup section */

/* Begin PBXNativeTarget section */
		1BD215AB176F2EA700147CC4 /* FOX_iOS */ = {
			isa = PBXNativeTarget;
			buildConfigurationList = 1BD215D1176F2EA700147CC4 /* Build configuration list for PBXNativeTarget "FOX_iOS" */;
			buildPhases = (
				1BD215A8176F2EA700147CC4 /* Sources */,
				1BD215A9176F2EA700147CC4 /* Frameworks */,
				1BD215AA176F2EA700147CC4 /* CopyFiles */,
			);
			buildRules = (
			);
			dependencies = (
			);
			name = FOX_iOS;
			productName = FOX_iOS;
			productReference = 1BD215AC176F2EA700147CC4 /* libFOX_iOS.a */;
			productType = "com.apple.product-type.library.static";
		};
		1BD215BC176F2EA700147CC4 /* FOX_iOSTests */ = {
			isa = PBXNativeTarget;
			buildConfigurationList = 1BD215D4176F2EA700147CC4 /* Build configuration list for PBXNativeTarget "FOX_iOSTests" */;
			buildPhases = (
				1BD215B8176F2EA700147CC4 /* Sources */,
				1BD215B9176F2EA700147CC4 /* Frameworks */,
				1BD215BA176F2EA700147CC4 /* Resources */,
				1BD215BB176F2EA700147CC4 /* ShellScript */,
			);
			buildRules = (
			);
			dependencies = (
				1BD215C4176F2EA700147CC4 /* PBXTargetDependency */,
			);
			name = FOX_iOSTests;
			productName = FOX_iOSTests;
			productReference = 1BD215BD176F2EA700147CC4 /* FOX_iOSTests.octest */;
			productType = "com.apple.product-type.bundle";
		};
/* End PBXNativeTarget section */

/* Begin PBXProject section */
		1BD215A4176F2EA700147CC4 /* Project object */ = {
			isa = PBXProject;
			attributes = {
				LastUpgradeCheck = 0460;
				ORGANIZATIONNAME = "CaptainSolid Studio";
			};
			buildConfigurationList = 1BD215A7176F2EA700147CC4 /* Build configuration list for PBXProject "FOX_iOS" */;
			compatibilityVersion = "Xcode 3.2";
			developmentRegion = English;
			hasScannedForEncodings = 0;
			knownRegions = (
				en,
			);
			mainGroup = 1BD215A3176F2EA700147CC4;
			productRefGroup = 1BD215AD176F2EA700147CC4 /* Products */;
			projectDirPath = "";
			projectRoot = "";
			targets = (
				1BD215AB176F2EA700147CC4 /* FOX_iOS */,
				1BD215BC176F2EA700147CC4 /* FOX_iOSTests */,
			);
		};
/* End PBXProject section */

/* Begin PBXResourcesBuildPhase section */
		1BD215BA176F2EA700147CC4 /* Resources */ = {
			isa = PBXResourcesBuildPhase;
			buildActionMask = 2147483647;
			files = (
				1BD215CB176F2EA700147CC4 /* InfoPlist.strings in Resources */,
			);
			runOnlyForDeploymentPostprocessing = 0;
		};
/* End PBXResourcesBuildPhase section */

/* Begin PBXShellScriptBuildPhase section */
		1BD215BB176F2EA700147CC4 /* ShellScript */ = {
			isa = PBXShellScriptBuildPhase;
			buildActionMask = 2147483647;
			files = (
			);
			inputPaths = (
			);
			outputPaths = (
			);
			runOnlyForDeploymentPostprocessing = 0;
			shellPath = /bin/sh;
			shellScript = "# Run the unit tests in this test bundle.\n\"${SYSTEM_DEVELOPER_DIR}/Tools/RunUnitTests\"\n";
		};
/* End PBXShellScriptBuildPhase section */

/* Begin PBXSourcesBuildPhase section */
		1BD215A8176F2EA700147CC4 /* Sources */ = {
			isa = PBXSourcesBuildPhase;
			buildActionMask = 2147483647;
			files = (
				1BD215B7176F2EA700147CC4 /* FOX_iOS.m in Sources */,
				1BE60782176F4AC300C46A1B /* DCDataStore.m in Sources */,
				1BE60784176F4AC300C46A1B /* DCDataStoreManager.m in Sources */,
				1BE60786176F4AC300C46A1B /* DCDataStoreOperator.m in Sources */,
				8D945419177C12AC005EFB5F /* DCDataStoreReader.m in Sources */,
				8D94541B177C12AC005EFB5F /* DCDataStoreWriter.m in Sources */,
				1B2D05B117F2F88E00D77748 /* DCCoreDataStore.m in Sources */,
				1B2D05B317F2F88E00D77748 /* DCCoreDataStoreManager.m in Sources */,
			);
			runOnlyForDeploymentPostprocessing = 0;
		};
		1BD215B8176F2EA700147CC4 /* Sources */ = {
			isa = PBXSourcesBuildPhase;
			buildActionMask = 2147483647;
			files = (
				1BD215CE176F2EA700147CC4 /* FOX_iOSTests.m in Sources */,
				1BE60783176F4AC300C46A1B /* DCDataStore.m in Sources */,
				1BE60785176F4AC300C46A1B /* DCDataStoreManager.m in Sources */,
				1BE60787176F4AC300C46A1B /* DCDataStoreOperator.m in Sources */,
				8D94541A177C12AC005EFB5F /* DCDataStoreReader.m in Sources */,
				8D94541C177C12AC005EFB5F /* DCDataStoreWriter.m in Sources */,
				1B2D05B217F2F88E00D77748 /* DCCoreDataStore.m in Sources */,
				1B2D05B417F2F88E00D77748 /* DCCoreDataStoreManager.m in Sources */,
			);
			runOnlyForDeploymentPostprocessing = 0;
		};
/* End PBXSourcesBuildPhase section */

/* Begin PBXTargetDependency section */
		1BD215C4176F2EA700147CC4 /* PBXTargetDependency */ = {
			isa = PBXTargetDependency;
			target = 1BD215AB176F2EA700147CC4 /* FOX_iOS */;
			targetProxy = 1BD215C3176F2EA700147CC4 /* PBXContainerItemProxy */;
		};
/* End PBXTargetDependency section */

/* Begin PBXVariantGroup section */
		1BD215C9176F2EA700147CC4 /* InfoPlist.strings */ = {
			isa = PBXVariantGroup;
			children = (
				1BD215CA176F2EA700147CC4 /* en */,
			);
			name = InfoPlist.strings;
			sourceTree = "<group>";
		};
/* End PBXVariantGroup section */

/* Begin XCBuildConfiguration section */
		1BD215CF176F2EA700147CC4 /* Debug */ = {
			isa = XCBuildConfiguration;
			buildSettings = {
				ALWAYS_SEARCH_USER_PATHS = YES;
				CLANG_CXX_LANGUAGE_STANDARD = "gnu++0x";
				CLANG_CXX_LIBRARY = "libc++";
				CLANG_ENABLE_OBJC_ARC = YES;
				CLANG_WARN_CONSTANT_CONVERSION = YES;
				CLANG_WARN_EMPTY_BODY = YES;
				CLANG_WARN_ENUM_CONVERSION = YES;
				CLANG_WARN_INT_CONVERSION = YES;
				CLANG_WARN__DUPLICATE_METHOD_MATCH = YES;
				COPY_PHASE_STRIP = NO;
				GCC_C_LANGUAGE_STANDARD = gnu99;
				GCC_DYNAMIC_NO_PIC = NO;
				GCC_OPTIMIZATION_LEVEL = 0;
				GCC_PREPROCESSOR_DEFINITIONS = (
					"DEBUG=1",
					"$(inherited)",
				);
				GCC_SYMBOLS_PRIVATE_EXTERN = NO;
				GCC_WARN_ABOUT_RETURN_TYPE = YES;
				GCC_WARN_UNINITIALIZED_AUTOS = YES;
				GCC_WARN_UNUSED_VARIABLE = YES;
				HEADER_SEARCH_PATHS = "\"$(SRCROOT)/../Res/iOS/\"/**";
				IPHONEOS_DEPLOYMENT_TARGET = 6.1;
				LIBRARY_SEARCH_PATHS = "\"$(SRCROOT)/../Res/iOS/\"/**";
				ONLY_ACTIVE_ARCH = NO;
				SDKROOT = iphoneos6.1;
			};
			name = Debug;
		};
		1BD215D0176F2EA700147CC4 /* Release */ = {
			isa = XCBuildConfiguration;
			buildSettings = {
				ALWAYS_SEARCH_USER_PATHS = YES;
				CLANG_CXX_LANGUAGE_STANDARD = "gnu++0x";
				CLANG_CXX_LIBRARY = "libc++";
				CLANG_ENABLE_OBJC_ARC = YES;
				CLANG_WARN_CONSTANT_CONVERSION = YES;
				CLANG_WARN_EMPTY_BODY = YES;
				CLANG_WARN_ENUM_CONVERSION = YES;
				CLANG_WARN_INT_CONVERSION = YES;
				CLANG_WARN__DUPLICATE_METHOD_MATCH = YES;
				COPY_PHASE_STRIP = YES;
				GCC_C_LANGUAGE_STANDARD = gnu99;
				GCC_WARN_ABOUT_RETURN_TYPE = YES;
				GCC_WARN_UNINITIALIZED_AUTOS = YES;
				GCC_WARN_UNUSED_VARIABLE = YES;
				HEADER_SEARCH_PATHS = "\"$(SRCROOT)/../Res/iOS/\"/**";
				IPHONEOS_DEPLOYMENT_TARGET = 6.1;
				LIBRARY_SEARCH_PATHS = "\"$(SRCROOT)/../Res/iOS/\"/**";
				SDKROOT = iphoneos6.1;
				VALIDATE_PRODUCT = YES;
			};
			name = Release;
		};
		1BD215D2176F2EA700147CC4 /* Debug */ = {
			isa = XCBuildConfiguration;
			buildSettings = {
				DSTROOT = /tmp/FOX_iOS.dst;
				GCC_PRECOMPILE_PREFIX_HEADER = YES;
				GCC_PREFIX_HEADER = "FOX_iOS/FOX_iOS-Prefix.pch";
				OTHER_LDFLAGS = "-ObjC";
				PRODUCT_NAME = "$(TARGET_NAME)";
				SKIP_INSTALL = YES;
			};
			name = Debug;
		};
		1BD215D3176F2EA700147CC4 /* Release */ = {
			isa = XCBuildConfiguration;
			buildSettings = {
				DSTROOT = /tmp/FOX_iOS.dst;
				GCC_PRECOMPILE_PREFIX_HEADER = YES;
				GCC_PREFIX_HEADER = "FOX_iOS/FOX_iOS-Prefix.pch";
				OTHER_LDFLAGS = "-ObjC";
				PRODUCT_NAME = "$(TARGET_NAME)";
				SKIP_INSTALL = YES;
			};
			name = Release;
		};
		1BD215D5176F2EA700147CC4 /* Debug */ = {
			isa = XCBuildConfiguration;
			buildSettings = {
				FRAMEWORK_SEARCH_PATHS = (
					"\"$(SDKROOT)/Developer/Library/Frameworks\"",
					"\"$(DEVELOPER_LIBRARY_DIR)/Frameworks\"",
				);
				GCC_PRECOMPILE_PREFIX_HEADER = YES;
				GCC_PREFIX_HEADER = "FOX_iOS/FOX_iOS-Prefix.pch";
				INFOPLIST_FILE = "FOX_iOSTests/FOX_iOSTests-Info.plist";
				PRODUCT_NAME = "$(TARGET_NAME)";
				WRAPPER_EXTENSION = octest;
			};
			name = Debug;
		};
		1BD215D6176F2EA700147CC4 /* Release */ = {
			isa = XCBuildConfiguration;
			buildSettings = {
				FRAMEWORK_SEARCH_PATHS = (
					"\"$(SDKROOT)/Developer/Library/Frameworks\"",
					"\"$(DEVELOPER_LIBRARY_DIR)/Frameworks\"",
				);
				GCC_PRECOMPILE_PREFIX_HEADER = YES;
				GCC_PREFIX_HEADER = "FOX_iOS/FOX_iOS-Prefix.pch";
				INFOPLIST_FILE = "FOX_iOSTests/FOX_iOSTests-Info.plist";
				PRODUCT_NAME = "$(TARGET_NAME)";
				WRAPPER_EXTENSION = octest;
			};
			name = Release;
		};
/* End XCBuildConfiguration section */

/* Begin XCConfigurationList section */
		1BD215A7176F2EA700147CC4 /* Build configuration list for PBXProject "FOX_iOS" */ = {
			isa = XCConfigurationList;
			buildConfigurations = (
				1BD215CF176F2EA700147CC4 /* Debug */,
				1BD215D0176F2EA700147CC4 /* Release */,
			);
			defaultConfigurationIsVisible = 0;
			defaultConfigurationName = Release;
		};
		1BD215D1176F2EA700147CC4 /* Build configuration list for PBXNativeTarget "FOX_iOS" */ = {
			isa = XCConfigurationList;
			buildConfigurations = (
				1BD215D2176F2EA700147CC4 /* Debug */,
				1BD215D3176F2EA700147CC4 /* Release */,
			);
			defaultConfigurationIsVisible = 0;
			defaultConfigurationName = Release;
		};
		1BD215D4176F2EA700147CC4 /* Build configuration list for PBXNativeTarget "FOX_iOSTests" */ = {
			isa = XCConfigurationList;
			buildConfigurations = (
				1BD215D5176F2EA700147CC4 /* Debug */,
				1BD215D6176F2EA700147CC4 /* Release */,
			);
			defaultConfigurationIsVisible = 0;
			defaultConfigurationName = Release;
		};
/* End XCConfigurationList section */
	};
	rootObject = 1BD215A4176F2EA700147CC4 /* Project object */;
}
