// !$*UTF8*$!
{
	archiveVersion = 1;
	classes = {
	};
	objectVersion = 46;
	objects = {

/* Begin PBXBuildFile section */
		1BD215E4176F2EBB00147CC4 /* Foundation.framework in Frameworks */ = {isa = PBXBuildFile; fileRef = 1BD215E3176F2EBB00147CC4 /* Foundation.framework */; };
		1BD215EB176F2EBB00147CC4 /* HOUND_iOS.m in Sources */ = {isa = PBXBuildFile; fileRef = 1BD215EA176F2EBB00147CC4 /* HOUND_iOS.m */; };
		1BD215F3176F2EBB00147CC4 /* SenTestingKit.framework in Frameworks */ = {isa = PBXBuildFile; fileRef = 1BD215F2176F2EBB00147CC4 /* SenTestingKit.framework */; };
		1BD215F5176F2EBB00147CC4 /* UIKit.framework in Frameworks */ = {isa = PBXBuildFile; fileRef = 1BD215F4176F2EBB00147CC4 /* UIKit.framework */; };
		1BD215F6176F2EBB00147CC4 /* Foundation.framework in Frameworks */ = {isa = PBXBuildFile; fileRef = 1BD215E3176F2EBB00147CC4 /* Foundation.framework */; };
		1BD215F9176F2EBB00147CC4 /* libHOUND_iOS.a in Frameworks */ = {isa = PBXBuildFile; fileRef = 1BD215E0176F2EBB00147CC4 /* libHOUND_iOS.a */; };
		1BD215FF176F2EBB00147CC4 /* InfoPlist.strings in Resources */ = {isa = PBXBuildFile; fileRef = 1BD215FD176F2EBB00147CC4 /* InfoPlist.strings */; };
		1BD21602176F2EBB00147CC4 /* HOUND_iOSTests.m in Sources */ = {isa = PBXBuildFile; fileRef = 1BD21601176F2EBB00147CC4 /* HOUND_iOSTests.m */; };
		8D29A70E1782AE980035A007 /* libFOX_iOS.a in Frameworks */ = {isa = PBXBuildFile; fileRef = 8D29A70D1782AE980035A007 /* libFOX_iOS.a */; };
		8DFD728817700ECC001A37AD /* DCInMemStackCache.m in Sources */ = {isa = PBXBuildFile; fileRef = 8DFD728717700ECC001A37AD /* DCInMemStackCache.m */; };
		8DFD728917700ECC001A37AD /* DCInMemStackCache.m in Sources */ = {isa = PBXBuildFile; fileRef = 8DFD728717700ECC001A37AD /* DCInMemStackCache.m */; };
		8DFD728B17700EDE001A37AD /* libCodeGear_ObjC_iOS.a in Frameworks */ = {isa = PBXBuildFile; fileRef = 8DFD728A17700EDE001A37AD /* libCodeGear_ObjC_iOS.a */; };
		8DFD728C17700F1B001A37AD /* DCInMemStackCache.h in CopyFiles */ = {isa = PBXBuildFile; fileRef = 8DFD728617700ECC001A37AD /* DCInMemStackCache.h */; };
		8DFE2CE117869290009855DB /* DCDiskCache.m in Sources */ = {isa = PBXBuildFile; fileRef = 8DFE2CDC17869290009855DB /* DCDiskCache.m */; };
		8DFE2CE217869290009855DB /* DCDiskCache.m in Sources */ = {isa = PBXBuildFile; fileRef = 8DFE2CDC17869290009855DB /* DCDiskCache.m */; };
		8DFE2CE317869290009855DB /* DCDiskCacheEntity.m in Sources */ = {isa = PBXBuildFile; fileRef = 8DFE2CDE17869290009855DB /* DCDiskCacheEntity.m */; };
		8DFE2CE417869290009855DB /* DCDiskCacheEntity.m in Sources */ = {isa = PBXBuildFile; fileRef = 8DFE2CDE17869290009855DB /* DCDiskCacheEntity.m */; };
		8DFE2CE517869290009855DB /* DCDiskCacheIndex.m in Sources */ = {isa = PBXBuildFile; fileRef = 8DFE2CE017869290009855DB /* DCDiskCacheIndex.m */; };
		8DFE2CE617869290009855DB /* DCDiskCacheIndex.m in Sources */ = {isa = PBXBuildFile; fileRef = 8DFE2CE017869290009855DB /* DCDiskCacheIndex.m */; };
		8DFE2CEF1786929F009855DB /* DCCoreDataDiskCache.m in Sources */ = {isa = PBXBuildFile; fileRef = 8DFE2CE81786929F009855DB /* DCCoreDataDiskCache.m */; };
		8DFE2CF01786929F009855DB /* DCCoreDataDiskCache.m in Sources */ = {isa = PBXBuildFile; fileRef = 8DFE2CE81786929F009855DB /* DCCoreDataDiskCache.m */; };
		8DFE2CF11786929F009855DB /* DCCoreDataDiskCache.xcdatamodeld in Sources */ = {isa = PBXBuildFile; fileRef = 8DFE2CE91786929F009855DB /* DCCoreDataDiskCache.xcdatamodeld */; };
		8DFE2CF21786929F009855DB /* DCCoreDataDiskCache.xcdatamodeld in Sources */ = {isa = PBXBuildFile; fileRef = 8DFE2CE91786929F009855DB /* DCCoreDataDiskCache.xcdatamodeld */; };
		8DFE2CF31786929F009855DB /* DCCoreDataDiskCacheEntity.m in Sources */ = {isa = PBXBuildFile; fileRef = 8DFE2CEC1786929F009855DB /* DCCoreDataDiskCacheEntity.m */; };
		8DFE2CF41786929F009855DB /* DCCoreDataDiskCacheEntity.m in Sources */ = {isa = PBXBuildFile; fileRef = 8DFE2CEC1786929F009855DB /* DCCoreDataDiskCacheEntity.m */; };
		8DFE2CF51786929F009855DB /* DCCoreDataDiskCacheIndex.m in Sources */ = {isa = PBXBuildFile; fileRef = 8DFE2CEE1786929F009855DB /* DCCoreDataDiskCacheIndex.m */; };
		8DFE2CF61786929F009855DB /* DCCoreDataDiskCacheIndex.m in Sources */ = {isa = PBXBuildFile; fileRef = 8DFE2CEE1786929F009855DB /* DCCoreDataDiskCacheIndex.m */; };
		8DFE2CF8178692AF009855DB /* libsqlite3.dylib in Frameworks */ = {isa = PBXBuildFile; fileRef = 8DFE2CF7178692AF009855DB /* libsqlite3.dylib */; };
		8DFE2CF9178692B5009855DB /* libsqlite3.dylib in Frameworks */ = {isa = PBXBuildFile; fileRef = 8DFE2CF7178692AF009855DB /* libsqlite3.dylib */; };
		8DFE2CFA178697F2009855DB /* DCDiskCache.h in CopyFiles */ = {isa = PBXBuildFile; fileRef = 8DFE2CDB17869290009855DB /* DCDiskCache.h */; };
		8DFE2CFB178697F2009855DB /* DCDiskCacheIndex.h in CopyFiles */ = {isa = PBXBuildFile; fileRef = 8DFE2CDF17869290009855DB /* DCDiskCacheIndex.h */; };
		8DFE2CFC178697F9009855DB /* DCCoreDataDiskCache.h in CopyFiles */ = {isa = PBXBuildFile; fileRef = 8DFE2CE71786929F009855DB /* DCCoreDataDiskCache.h */; };
		8DFE2CFD178697F9009855DB /* DCCoreDataDiskCacheEntity.h in CopyFiles */ = {isa = PBXBuildFile; fileRef = 8DFE2CEB1786929F009855DB /* DCCoreDataDiskCacheEntity.h */; };
		8DFE2CFE178697F9009855DB /* DCCoreDataDiskCacheIndex.h in CopyFiles */ = {isa = PBXBuildFile; fileRef = 8DFE2CED1786929F009855DB /* DCCoreDataDiskCacheIndex.h */; };
/* End PBXBuildFile section */

/* Begin PBXContainerItemProxy section */
		1BD215F7176F2EBB00147CC4 /* PBXContainerItemProxy */ = {
			isa = PBXContainerItemProxy;
			containerPortal = 1BD215D8176F2EBB00147CC4 /* Project object */;
			proxyType = 1;
			remoteGlobalIDString = 1BD215DF176F2EBB00147CC4;
			remoteInfo = HOUND_iOS;
		};
/* End PBXContainerItemProxy section */

/* Begin PBXCopyFilesBuildPhase section */
		1BD215DE176F2EBB00147CC4 /* CopyFiles */ = {
			isa = PBXCopyFilesBuildPhase;
			buildActionMask = 2147483647;
			dstPath = "include/${PRODUCT_NAME}";
			dstSubfolderSpec = 16;
			files = (
				8DFE2CFC178697F9009855DB /* DCCoreDataDiskCache.h in CopyFiles */,
				8DFE2CFD178697F9009855DB /* DCCoreDataDiskCacheEntity.h in CopyFiles */,
				8DFE2CFE178697F9009855DB /* DCCoreDataDiskCacheIndex.h in CopyFiles */,
				8DFE2CFA178697F2009855DB /* DCDiskCache.h in CopyFiles */,
				8DFE2CFB178697F2009855DB /* DCDiskCacheIndex.h in CopyFiles */,
				8DFD728C17700F1B001A37AD /* DCInMemStackCache.h in CopyFiles */,
			);
			runOnlyForDeploymentPostprocessing = 0;
		};
/* End PBXCopyFilesBuildPhase section */

/* Begin PBXFileReference section */
		1BD215E0176F2EBB00147CC4 /* libHOUND_iOS.a */ = {isa = PBXFileReference; explicitFileType = archive.ar; includeInIndex = 0; path = libHOUND_iOS.a; sourceTree = BUILT_PRODUCTS_DIR; };
		1BD215E3176F2EBB00147CC4 /* Foundation.framework */ = {isa = PBXFileReference; lastKnownFileType = wrapper.framework; name = Foundation.framework; path = System/Library/Frameworks/Foundation.framework; sourceTree = SDKROOT; };
		1BD215E7176F2EBB00147CC4 /* HOUND_iOS-Prefix.pch */ = {isa = PBXFileReference; lastKnownFileType = sourcecode.c.h; path = "HOUND_iOS-Prefix.pch"; sourceTree = "<group>"; };
		1BD215E8176F2EBB00147CC4 /* HOUND_iOS.h */ = {isa = PBXFileReference; lastKnownFileType = sourcecode.c.h; path = HOUND_iOS.h; sourceTree = "<group>"; };
		1BD215EA176F2EBB00147CC4 /* HOUND_iOS.m */ = {isa = PBXFileReference; lastKnownFileType = sourcecode.c.objc; path = HOUND_iOS.m; sourceTree = "<group>"; };
		1BD215F1176F2EBB00147CC4 /* HOUND_iOSTests.octest */ = {isa = PBXFileReference; explicitFileType = wrapper.cfbundle; includeInIndex = 0; path = HOUND_iOSTests.octest; sourceTree = BUILT_PRODUCTS_DIR; };
		1BD215F2176F2EBB00147CC4 /* SenTestingKit.framework */ = {isa = PBXFileReference; lastKnownFileType = wrapper.framework; name = SenTestingKit.framework; path = Library/Frameworks/SenTestingKit.framework; sourceTree = DEVELOPER_DIR; };
		1BD215F4176F2EBB00147CC4 /* UIKit.framework */ = {isa = PBXFileReference; lastKnownFileType = wrapper.framework; name = UIKit.framework; path = Library/Frameworks/UIKit.framework; sourceTree = DEVELOPER_DIR; };
		1BD215FC176F2EBB00147CC4 /* HOUND_iOSTests-Info.plist */ = {isa = PBXFileReference; lastKnownFileType = text.plist.xml; path = "HOUND_iOSTests-Info.plist"; sourceTree = "<group>"; };
		1BD215FE176F2EBB00147CC4 /* en */ = {isa = PBXFileReference; lastKnownFileType = text.plist.strings; name = en; path = en.lproj/InfoPlist.strings; sourceTree = "<group>"; };
		1BD21600176F2EBB00147CC4 /* HOUND_iOSTests.h */ = {isa = PBXFileReference; lastKnownFileType = sourcecode.c.h; path = HOUND_iOSTests.h; sourceTree = "<group>"; };
		1BD21601176F2EBB00147CC4 /* HOUND_iOSTests.m */ = {isa = PBXFileReference; lastKnownFileType = sourcecode.c.objc; path = HOUND_iOSTests.m; sourceTree = "<group>"; };
		8D14BFB717F3D88E0059BC16 /* DCCoreDataStore.h */ = {isa = PBXFileReference; fileEncoding = 4; lastKnownFileType = sourcecode.c.h; path = DCCoreDataStore.h; sourceTree = "<group>"; };
		8D14BFB817F3D88E0059BC16 /* DCCoreDataStoreManager.h */ = {isa = PBXFileReference; fileEncoding = 4; lastKnownFileType = sourcecode.c.h; path = DCCoreDataStoreManager.h; sourceTree = "<group>"; };
		8D29A6F51782AD460035A007 /* CodeGear_ObjC_iOS.h */ = {isa = PBXFileReference; fileEncoding = 4; lastKnownFileType = sourcecode.c.h; path = CodeGear_ObjC_iOS.h; sourceTree = "<group>"; };
		8D29A6F61782AD460035A007 /* DCCommonConstants.h */ = {isa = PBXFileReference; fileEncoding = 4; lastKnownFileType = sourcecode.c.h; path = DCCommonConstants.h; sourceTree = "<group>"; };
		8D29A6F71782AD460035A007 /* DCCommonUtility.h */ = {isa = PBXFileReference; fileEncoding = 4; lastKnownFileType = sourcecode.c.h; path = DCCommonUtility.h; sourceTree = "<group>"; };
		8D29A6F81782AD460035A007 /* DCImageHelper.h */ = {isa = PBXFileReference; fileEncoding = 4; lastKnownFileType = sourcecode.c.h; path = DCImageHelper.h; sourceTree = "<group>"; };
		8D29A6F91782AD460035A007 /* DCSafeARC.h */ = {isa = PBXFileReference; fileEncoding = 4; lastKnownFileType = sourcecode.c.h; path = DCSafeARC.h; sourceTree = "<group>"; };
		8D29A6FA1782AD460035A007 /* DCSingletonTemplate.h */ = {isa = PBXFileReference; fileEncoding = 4; lastKnownFileType = sourcecode.c.h; path = DCSingletonTemplate.h; sourceTree = "<group>"; };
		8D29A6FB1782AD470035A007 /* DCWebUtility.h */ = {isa = PBXFileReference; fileEncoding = 4; lastKnownFileType = sourcecode.c.h; path = DCWebUtility.h; sourceTree = "<group>"; };
		8D29A6FC1782AD470035A007 /* NSString+URLCoding.h */ = {isa = PBXFileReference; fileEncoding = 4; lastKnownFileType = sourcecode.c.h; path = "NSString+URLCoding.h"; sourceTree = "<group>"; };
		8D29A6FD1782AD470035A007 /* DCLogger.h */ = {isa = PBXFileReference; fileEncoding = 4; lastKnownFileType = sourcecode.c.h; path = DCLogger.h; sourceTree = "<group>"; };
		8D29A70D1782AE980035A007 /* libFOX_iOS.a */ = {isa = PBXFileReference; lastKnownFileType = archive.ar; name = libFOX_iOS.a; path = ../Res/iOS/FOX/libFOX_iOS.a; sourceTree = "<group>"; };
		8DFD728617700ECC001A37AD /* DCInMemStackCache.h */ = {isa = PBXFileReference; fileEncoding = 4; lastKnownFileType = sourcecode.c.h; name = DCInMemStackCache.h; path = ../../HOUND/DCInMemStackCache.h; sourceTree = "<group>"; };
		8DFD728717700ECC001A37AD /* DCInMemStackCache.m */ = {isa = PBXFileReference; fileEncoding = 4; lastKnownFileType = sourcecode.c.objc; name = DCInMemStackCache.m; path = ../../HOUND/DCInMemStackCache.m; sourceTree = "<group>"; };
		8DFD728A17700EDE001A37AD /* libCodeGear_ObjC_iOS.a */ = {isa = PBXFileReference; lastKnownFileType = archive.ar; name = libCodeGear_ObjC_iOS.a; path = ../Res/iOS/CodeGear/libCodeGear_ObjC_iOS.a; sourceTree = "<group>"; };
		8DFE2CDB17869290009855DB /* DCDiskCache.h */ = {isa = PBXFileReference; fileEncoding = 4; lastKnownFileType = sourcecode.c.h; name = DCDiskCache.h; path = ../../HOUND/DCDiskCache.h; sourceTree = "<group>"; };
		8DFE2CDC17869290009855DB /* DCDiskCache.m */ = {isa = PBXFileReference; fileEncoding = 4; lastKnownFileType = sourcecode.c.objc; name = DCDiskCache.m; path = ../../HOUND/DCDiskCache.m; sourceTree = "<group>"; };
		8DFE2CDD17869290009855DB /* DCDiskCacheEntity.h */ = {isa = PBXFileReference; fileEncoding = 4; lastKnownFileType = sourcecode.c.h; name = DCDiskCacheEntity.h; path = ../../HOUND/DCDiskCacheEntity.h; sourceTree = "<group>"; };
		8DFE2CDE17869290009855DB /* DCDiskCacheEntity.m */ = {isa = PBXFileReference; fileEncoding = 4; lastKnownFileType = sourcecode.c.objc; name = DCDiskCacheEntity.m; path = ../../HOUND/DCDiskCacheEntity.m; sourceTree = "<group>"; };
		8DFE2CDF17869290009855DB /* DCDiskCacheIndex.h */ = {isa = PBXFileReference; fileEncoding = 4; lastKnownFileType = sourcecode.c.h; name = DCDiskCacheIndex.h; path = ../../HOUND/DCDiskCacheIndex.h; sourceTree = "<group>"; };
		8DFE2CE017869290009855DB /* DCDiskCacheIndex.m */ = {isa = PBXFileReference; fileEncoding = 4; lastKnownFileType = sourcecode.c.objc; name = DCDiskCacheIndex.m; path = ../../HOUND/DCDiskCacheIndex.m; sourceTree = "<group>"; };
		8DFE2CE71786929F009855DB /* DCCoreDataDiskCache.h */ = {isa = PBXFileReference; fileEncoding = 4; lastKnownFileType = sourcecode.c.h; name = DCCoreDataDiskCache.h; path = ../../HOUND/DCCoreDataDiskCache.h; sourceTree = "<group>"; };
		8DFE2CE81786929F009855DB /* DCCoreDataDiskCache.m */ = {isa = PBXFileReference; fileEncoding = 4; lastKnownFileType = sourcecode.c.objc; name = DCCoreDataDiskCache.m; path = ../../HOUND/DCCoreDataDiskCache.m; sourceTree = "<group>"; };
		8DFE2CEA1786929F009855DB /* DCCoreDataDiskCache.xcdatamodel */ = {isa = PBXFileReference; lastKnownFileType = wrapper.xcdatamodel; path = DCCoreDataDiskCache.xcdatamodel; sourceTree = "<group>"; };
		8DFE2CEB1786929F009855DB /* DCCoreDataDiskCacheEntity.h */ = {isa = PBXFileReference; fileEncoding = 4; lastKnownFileType = sourcecode.c.h; name = DCCoreDataDiskCacheEntity.h; path = ../../HOUND/DCCoreDataDiskCacheEntity.h; sourceTree = "<group>"; };
		8DFE2CEC1786929F009855DB /* DCCoreDataDiskCacheEntity.m */ = {isa = PBXFileReference; fileEncoding = 4; lastKnownFileType = sourcecode.c.objc; name = DCCoreDataDiskCacheEntity.m; path = ../../HOUND/DCCoreDataDiskCacheEntity.m; sourceTree = "<group>"; };
		8DFE2CED1786929F009855DB /* DCCoreDataDiskCacheIndex.h */ = {isa = PBXFileReference; fileEncoding = 4; lastKnownFileType = sourcecode.c.h; name = DCCoreDataDiskCacheIndex.h; path = ../../HOUND/DCCoreDataDiskCacheIndex.h; sourceTree = "<group>"; };
		8DFE2CEE1786929F009855DB /* DCCoreDataDiskCacheIndex.m */ = {isa = PBXFileReference; fileEncoding = 4; lastKnownFileType = sourcecode.c.objc; name = DCCoreDataDiskCacheIndex.m; path = ../../HOUND/DCCoreDataDiskCacheIndex.m; sourceTree = "<group>"; };
		8DFE2CF7178692AF009855DB /* libsqlite3.dylib */ = {isa = PBXFileReference; lastKnownFileType = "compiled.mach-o.dylib"; name = libsqlite3.dylib; path = usr/lib/libsqlite3.dylib; sourceTree = SDKROOT; };
/* End PBXFileReference section */

/* Begin PBXFrameworksBuildPhase section */
		1BD215DD176F2EBB00147CC4 /* Frameworks */ = {
			isa = PBXFrameworksBuildPhase;
			buildActionMask = 2147483647;
			files = (
				8DFE2CF8178692AF009855DB /* libsqlite3.dylib in Frameworks */,
				8D29A70E1782AE980035A007 /* libFOX_iOS.a in Frameworks */,
				8DFD728B17700EDE001A37AD /* libCodeGear_ObjC_iOS.a in Frameworks */,
				1BD215E4176F2EBB00147CC4 /* Foundation.framework in Frameworks */,
			);
			runOnlyForDeploymentPostprocessing = 0;
		};
		1BD215ED176F2EBB00147CC4 /* Frameworks */ = {
			isa = PBXFrameworksBuildPhase;
			buildActionMask = 2147483647;
			files = (
				8DFE2CF9178692B5009855DB /* libsqlite3.dylib in Frameworks */,
				1BD215F3176F2EBB00147CC4 /* SenTestingKit.framework in Frameworks */,
				1BD215F5176F2EBB00147CC4 /* UIKit.framework in Frameworks */,
				1BD215F6176F2EBB00147CC4 /* Foundation.framework in Frameworks */,
				1BD215F9176F2EBB00147CC4 /* libHOUND_iOS.a in Frameworks */,
			);
			runOnlyForDeploymentPostprocessing = 0;
		};
/* End PBXFrameworksBuildPhase section */

/* Begin PBXGroup section */
		1BD215D7176F2EBB00147CC4 = {
			isa = PBXGroup;
			children = (
				1BD215E5176F2EBB00147CC4 /* HOUND_iOS */,
				1BD215FA176F2EBB00147CC4 /* HOUND_iOSTests */,
				1BD215E2176F2EBB00147CC4 /* Frameworks */,
				1BD215E1176F2EBB00147CC4 /* Products */,
			);
			sourceTree = "<group>";
		};
		1BD215E1176F2EBB00147CC4 /* Products */ = {
			isa = PBXGroup;
			children = (
				1BD215E0176F2EBB00147CC4 /* libHOUND_iOS.a */,
				1BD215F1176F2EBB00147CC4 /* HOUND_iOSTests.octest */,
			);
			name = Products;
			sourceTree = "<group>";
		};
		1BD215E2176F2EBB00147CC4 /* Frameworks */ = {
			isa = PBXGroup;
			children = (
				8DFE2CF7178692AF009855DB /* libsqlite3.dylib */,
				8D29A70C1782AE890035A007 /* libFOX */,
				8D29A6E41782AD2A0035A007 /* libCodeGear */,
				1BD215E3176F2EBB00147CC4 /* Foundation.framework */,
				1BD215F2176F2EBB00147CC4 /* SenTestingKit.framework */,
				1BD215F4176F2EBB00147CC4 /* UIKit.framework */,
			);
			name = Frameworks;
			sourceTree = "<group>";
		};
		1BD215E5176F2EBB00147CC4 /* HOUND_iOS */ = {
			isa = PBXGroup;
			children = (
				8DFE2CD817869264009855DB /* InMemStack */,
				8DFE2CD917869269009855DB /* SQLite */,
				8DFE2CDA17869271009855DB /* CoreData */,
				1BD215E8176F2EBB00147CC4 /* HOUND_iOS.h */,
				1BD215EA176F2EBB00147CC4 /* HOUND_iOS.m */,
				1BD215E6176F2EBB00147CC4 /* Supporting Files */,
			);
			path = HOUND_iOS;
			sourceTree = "<group>";
		};
		1BD215E6176F2EBB00147CC4 /* Supporting Files */ = {
			isa = PBXGroup;
			children = (
				1BD215E7176F2EBB00147CC4 /* HOUND_iOS-Prefix.pch */,
			);
			name = "Supporting Files";
			sourceTree = "<group>";
		};
		1BD215FA176F2EBB00147CC4 /* HOUND_iOSTests */ = {
			isa = PBXGroup;
			children = (
				1BD21600176F2EBB00147CC4 /* HOUND_iOSTests.h */,
				1BD21601176F2EBB00147CC4 /* HOUND_iOSTests.m */,
				1BD215FB176F2EBB00147CC4 /* Supporting Files */,
			);
			path = HOUND_iOSTests;
			sourceTree = "<group>";
		};
		1BD215FB176F2EBB00147CC4 /* Supporting Files */ = {
			isa = PBXGroup;
			children = (
				1BD215FC176F2EBB00147CC4 /* HOUND_iOSTests-Info.plist */,
				1BD215FD176F2EBB00147CC4 /* InfoPlist.strings */,
			);
			name = "Supporting Files";
			sourceTree = "<group>";
		};
		8D29A6E41782AD2A0035A007 /* libCodeGear */ = {
			isa = PBXGroup;
			children = (
				8D29A6F41782AD460035A007 /* include */,
				8DFD728A17700EDE001A37AD /* libCodeGear_ObjC_iOS.a */,
			);
			name = libCodeGear;
			sourceTree = "<group>";
		};
		8D29A6F41782AD460035A007 /* include */ = {
			isa = PBXGroup;
			children = (
				8D29A6F51782AD460035A007 /* CodeGear_ObjC_iOS.h */,
				8D29A6F61782AD460035A007 /* DCCommonConstants.h */,
				8D29A6F71782AD460035A007 /* DCCommonUtility.h */,
				8D29A6F81782AD460035A007 /* DCImageHelper.h */,
				8D29A6F91782AD460035A007 /* DCSafeARC.h */,
				8D29A6FA1782AD460035A007 /* DCSingletonTemplate.h */,
				8D29A6FB1782AD470035A007 /* DCWebUtility.h */,
				8D29A6FC1782AD470035A007 /* NSString+URLCoding.h */,
				8D29A6FD1782AD470035A007 /* DCLogger.h */,
			);
			name = include;
			path = ../Res/iOS/CodeGear/include;
			sourceTree = "<group>";
		};
		8D29A70C1782AE890035A007 /* libFOX */ = {
			isa = PBXGroup;
			children = (
				8D7037C81783F035001F7C1A /* include */,
				8D29A70D1782AE980035A007 /* libFOX_iOS.a */,
			);
			name = libFOX;
			sourceTree = "<group>";
		};
		8D7037C81783F035001F7C1A /* include */ = {
			isa = PBXGroup;
			children = (
				8D14BFB717F3D88E0059BC16 /* DCCoreDataStore.h */,
				8D14BFB817F3D88E0059BC16 /* DCCoreDataStoreManager.h */,
			);
			name = include;
			path = ../Res/iOS/FOX/include;
			sourceTree = "<group>";
		};
		8DFE2CD817869264009855DB /* InMemStack */ = {
			isa = PBXGroup;
			children = (
				8DFD728617700ECC001A37AD /* DCInMemStackCache.h */,
				8DFD728717700ECC001A37AD /* DCInMemStackCache.m */,
			);
			name = InMemStack;
			sourceTree = "<group>";
		};
		8DFE2CD917869269009855DB /* SQLite */ = {
			isa = PBXGroup;
			children = (
				8DFE2CDB17869290009855DB /* DCDiskCache.h */,
				8DFE2CDC17869290009855DB /* DCDiskCache.m */,
				8DFE2CDD17869290009855DB /* DCDiskCacheEntity.h */,
				8DFE2CDE17869290009855DB /* DCDiskCacheEntity.m */,
				8DFE2CDF17869290009855DB /* DCDiskCacheIndex.h */,
				8DFE2CE017869290009855DB /* DCDiskCacheIndex.m */,
			);
			name = SQLite;
			sourceTree = "<group>";
		};
		8DFE2CDA17869271009855DB /* CoreData */ = {
			isa = PBXGroup;
			children = (
				8DFE2CE71786929F009855DB /* DCCoreDataDiskCache.h */,
				8DFE2CE81786929F009855DB /* DCCoreDataDiskCache.m */,
				8DFE2CE91786929F009855DB /* DCCoreDataDiskCache.xcdatamodeld */,
				8DFE2CEB1786929F009855DB /* DCCoreDataDiskCacheEntity.h */,
				8DFE2CEC1786929F009855DB /* DCCoreDataDiskCacheEntity.m */,
				8DFE2CED1786929F009855DB /* DCCoreDataDiskCacheIndex.h */,
				8DFE2CEE1786929F009855DB /* DCCoreDataDiskCacheIndex.m */,
			);
			name = CoreData;
			sourceTree = "<group>";
		};
/* End PBXGroup section */

/* Begin PBXNativeTarget section */
		1BD215DF176F2EBB00147CC4 /* HOUND_iOS */ = {
			isa = PBXNativeTarget;
			buildConfigurationList = 1BD21605176F2EBB00147CC4 /* Build configuration list for PBXNativeTarget "HOUND_iOS" */;
			buildPhases = (
				1BD215DC176F2EBB00147CC4 /* Sources */,
				1BD215DD176F2EBB00147CC4 /* Frameworks */,
				1BD215DE176F2EBB00147CC4 /* CopyFiles */,
			);
			buildRules = (
			);
			dependencies = (
			);
			name = HOUND_iOS;
			productName = HOUND_iOS;
			productReference = 1BD215E0176F2EBB00147CC4 /* libHOUND_iOS.a */;
			productType = "com.apple.product-type.library.static";
		};
		1BD215F0176F2EBB00147CC4 /* HOUND_iOSTests */ = {
			isa = PBXNativeTarget;
			buildConfigurationList = 1BD21608176F2EBB00147CC4 /* Build configuration list for PBXNativeTarget "HOUND_iOSTests" */;
			buildPhases = (
				1BD215EC176F2EBB00147CC4 /* Sources */,
				1BD215ED176F2EBB00147CC4 /* Frameworks */,
				1BD215EE176F2EBB00147CC4 /* Resources */,
				1BD215EF176F2EBB00147CC4 /* ShellScript */,
			);
			buildRules = (
			);
			dependencies = (
				1BD215F8176F2EBB00147CC4 /* PBXTargetDependency */,
			);
			name = HOUND_iOSTests;
			productName = HOUND_iOSTests;
			productReference = 1BD215F1176F2EBB00147CC4 /* HOUND_iOSTests.octest */;
			productType = "com.apple.product-type.bundle";
		};
/* End PBXNativeTarget section */

/* Begin PBXProject section */
		1BD215D8176F2EBB00147CC4 /* Project object */ = {
			isa = PBXProject;
			attributes = {
				LastUpgradeCheck = 0460;
				ORGANIZATIONNAME = "CaptainSolid Studio";
			};
			buildConfigurationList = 1BD215DB176F2EBB00147CC4 /* Build configuration list for PBXProject "HOUND_iOS" */;
			compatibilityVersion = "Xcode 3.2";
			developmentRegion = English;
			hasScannedForEncodings = 0;
			knownRegions = (
				en,
			);
			mainGroup = 1BD215D7176F2EBB00147CC4;
			productRefGroup = 1BD215E1176F2EBB00147CC4 /* Products */;
			projectDirPath = "";
			projectRoot = "";
			targets = (
				1BD215DF176F2EBB00147CC4 /* HOUND_iOS */,
				1BD215F0176F2EBB00147CC4 /* HOUND_iOSTests */,
			);
		};
/* End PBXProject section */

/* Begin PBXResourcesBuildPhase section */
		1BD215EE176F2EBB00147CC4 /* Resources */ = {
			isa = PBXResourcesBuildPhase;
			buildActionMask = 2147483647;
			files = (
				1BD215FF176F2EBB00147CC4 /* InfoPlist.strings in Resources */,
			);
			runOnlyForDeploymentPostprocessing = 0;
		};
/* End PBXResourcesBuildPhase section */

/* Begin PBXShellScriptBuildPhase section */
		1BD215EF176F2EBB00147CC4 /* ShellScript */ = {
			isa = PBXShellScriptBuildPhase;
			buildActionMask = 2147483647;
			files = (
			);
			inputPaths = (
			);
			outputPaths = (
			);
			runOnlyForDeploymentPostprocessing = 0;
			shellPath = /bin/sh;
			shellScript = "# Run the unit tests in this test bundle.\n\"${SYSTEM_DEVELOPER_DIR}/Tools/RunUnitTests\"\n";
		};
/* End PBXShellScriptBuildPhase section */

/* Begin PBXSourcesBuildPhase section */
		1BD215DC176F2EBB00147CC4 /* Sources */ = {
			isa = PBXSourcesBuildPhase;
			buildActionMask = 2147483647;
			files = (
				1BD215EB176F2EBB00147CC4 /* HOUND_iOS.m in Sources */,
				8DFD728817700ECC001A37AD /* DCInMemStackCache.m in Sources */,
				8DFE2CE117869290009855DB /* DCDiskCache.m in Sources */,
				8DFE2CE317869290009855DB /* DCDiskCacheEntity.m in Sources */,
				8DFE2CE517869290009855DB /* DCDiskCacheIndex.m in Sources */,
				8DFE2CEF1786929F009855DB /* DCCoreDataDiskCache.m in Sources */,
				8DFE2CF11786929F009855DB /* DCCoreDataDiskCache.xcdatamodeld in Sources */,
				8DFE2CF31786929F009855DB /* DCCoreDataDiskCacheEntity.m in Sources */,
				8DFE2CF51786929F009855DB /* DCCoreDataDiskCacheIndex.m in Sources */,
			);
			runOnlyForDeploymentPostprocessing = 0;
		};
		1BD215EC176F2EBB00147CC4 /* Sources */ = {
			isa = PBXSourcesBuildPhase;
			buildActionMask = 2147483647;
			files = (
				1BD21602176F2EBB00147CC4 /* HOUND_iOSTests.m in Sources */,
				8DFD728917700ECC001A37AD /* DCInMemStackCache.m in Sources */,
				8DFE2CE217869290009855DB /* DCDiskCache.m in Sources */,
				8DFE2CE417869290009855DB /* DCDiskCacheEntity.m in Sources */,
				8DFE2CE617869290009855DB /* DCDiskCacheIndex.m in Sources */,
				8DFE2CF01786929F009855DB /* DCCoreDataDiskCache.m in Sources */,
				8DFE2CF21786929F009855DB /* DCCoreDataDiskCache.xcdatamodeld in Sources */,
				8DFE2CF41786929F009855DB /* DCCoreDataDiskCacheEntity.m in Sources */,
				8DFE2CF61786929F009855DB /* DCCoreDataDiskCacheIndex.m in Sources */,
			);
			runOnlyForDeploymentPostprocessing = 0;
		};
/* End PBXSourcesBuildPhase section */

/* Begin PBXTargetDependency section */
		1BD215F8176F2EBB00147CC4 /* PBXTargetDependency */ = {
			isa = PBXTargetDependency;
			target = 1BD215DF176F2EBB00147CC4 /* HOUND_iOS */;
			targetProxy = 1BD215F7176F2EBB00147CC4 /* PBXContainerItemProxy */;
		};
/* End PBXTargetDependency section */

/* Begin PBXVariantGroup section */
		1BD215FD176F2EBB00147CC4 /* InfoPlist.strings */ = {
			isa = PBXVariantGroup;
			children = (
				1BD215FE176F2EBB00147CC4 /* en */,
			);
			name = InfoPlist.strings;
			sourceTree = "<group>";
		};
/* End PBXVariantGroup section */

/* Begin XCBuildConfiguration section */
		1BD21603176F2EBB00147CC4 /* Debug */ = {
			isa = XCBuildConfiguration;
			buildSettings = {
				ALWAYS_SEARCH_USER_PATHS = YES;
				CLANG_CXX_LANGUAGE_STANDARD = "gnu++0x";
				CLANG_CXX_LIBRARY = "libc++";
				CLANG_ENABLE_OBJC_ARC = YES;
				CLANG_WARN_CONSTANT_CONVERSION = YES;
				CLANG_WARN_EMPTY_BODY = YES;
				CLANG_WARN_ENUM_CONVERSION = YES;
				CLANG_WARN_INT_CONVERSION = YES;
				CLANG_WARN__DUPLICATE_METHOD_MATCH = YES;
				COPY_PHASE_STRIP = NO;
				GCC_C_LANGUAGE_STANDARD = gnu99;
				GCC_DYNAMIC_NO_PIC = NO;
				GCC_OPTIMIZATION_LEVEL = 0;
				GCC_PREPROCESSOR_DEFINITIONS = (
					"DEBUG=1",
					"$(inherited)",
				);
				GCC_SYMBOLS_PRIVATE_EXTERN = NO;
				GCC_WARN_ABOUT_RETURN_TYPE = YES;
				GCC_WARN_UNINITIALIZED_AUTOS = YES;
				GCC_WARN_UNUSED_VARIABLE = YES;
				HEADER_SEARCH_PATHS = "\"$(SRCROOT)/../Res/iOS/\"/**";
				IPHONEOS_DEPLOYMENT_TARGET = 6.1;
				LIBRARY_SEARCH_PATHS = "\"$(SRCROOT)/../Res/iOS/\"/**";
				ONLY_ACTIVE_ARCH = NO;
				SDKROOT = iphoneos6.1;
			};
			name = Debug;
		};
		1BD21604176F2EBB00147CC4 /* Release */ = {
			isa = XCBuildConfiguration;
			buildSettings = {
				ALWAYS_SEARCH_USER_PATHS = YES;
				CLANG_CXX_LANGUAGE_STANDARD = "gnu++0x";
				CLANG_CXX_LIBRARY = "libc++";
				CLANG_ENABLE_OBJC_ARC = YES;
				CLANG_WARN_CONSTANT_CONVERSION = YES;
				CLANG_WARN_EMPTY_BODY = YES;
				CLANG_WARN_ENUM_CONVERSION = YES;
				CLANG_WARN_INT_CONVERSION = YES;
				CLANG_WARN__DUPLICATE_METHOD_MATCH = YES;
				COPY_PHASE_STRIP = YES;
				GCC_C_LANGUAGE_STANDARD = gnu99;
				GCC_WARN_ABOUT_RETURN_TYPE = YES;
				GCC_WARN_UNINITIALIZED_AUTOS = YES;
				GCC_WARN_UNUSED_VARIABLE = YES;
				HEADER_SEARCH_PATHS = "\"$(SRCROOT)/../Res/iOS/\"/**";
				IPHONEOS_DEPLOYMENT_TARGET = 6.1;
				LIBRARY_SEARCH_PATHS = "\"$(SRCROOT)/../Res/iOS/\"/**";
				SDKROOT = iphoneos6.1;
				VALIDATE_PRODUCT = YES;
			};
			name = Release;
		};
		1BD21606176F2EBB00147CC4 /* Debug */ = {
			isa = XCBuildConfiguration;
			buildSettings = {
				DSTROOT = /tmp/HOUND_iOS.dst;
				GCC_PRECOMPILE_PREFIX_HEADER = YES;
				GCC_PREFIX_HEADER = "HOUND_iOS/HOUND_iOS-Prefix.pch";
				OTHER_LDFLAGS = "-ObjC";
				PRODUCT_NAME = "$(TARGET_NAME)";
				SKIP_INSTALL = YES;
			};
			name = Debug;
		};
		1BD21607176F2EBB00147CC4 /* Release */ = {
			isa = XCBuildConfiguration;
			buildSettings = {
				DSTROOT = /tmp/HOUND_iOS.dst;
				GCC_PRECOMPILE_PREFIX_HEADER = YES;
				GCC_PREFIX_HEADER = "HOUND_iOS/HOUND_iOS-Prefix.pch";
				OTHER_LDFLAGS = "-ObjC";
				PRODUCT_NAME = "$(TARGET_NAME)";
				SKIP_INSTALL = YES;
			};
			name = Release;
		};
		1BD21609176F2EBB00147CC4 /* Debug */ = {
			isa = XCBuildConfiguration;
			buildSettings = {
				FRAMEWORK_SEARCH_PATHS = (
					"\"$(SDKROOT)/Developer/Library/Frameworks\"",
					"\"$(DEVELOPER_LIBRARY_DIR)/Frameworks\"",
				);
				GCC_PRECOMPILE_PREFIX_HEADER = YES;
				GCC_PREFIX_HEADER = "HOUND_iOS/HOUND_iOS-Prefix.pch";
				INFOPLIST_FILE = "HOUND_iOSTests/HOUND_iOSTests-Info.plist";
				LIBRARY_SEARCH_PATHS = (
					"$(inherited)",
					"\"$(SRCROOT)/../Res/iOS/CodeGear\"",
				);
				PRODUCT_NAME = "$(TARGET_NAME)";
				WRAPPER_EXTENSION = octest;
			};
			name = Debug;
		};
		1BD2160A176F2EBB00147CC4 /* Release */ = {
			isa = XCBuildConfiguration;
			buildSettings = {
				FRAMEWORK_SEARCH_PATHS = (
					"\"$(SDKROOT)/Developer/Library/Frameworks\"",
					"\"$(DEVELOPER_LIBRARY_DIR)/Frameworks\"",
				);
				GCC_PRECOMPILE_PREFIX_HEADER = YES;
				GCC_PREFIX_HEADER = "HOUND_iOS/HOUND_iOS-Prefix.pch";
				INFOPLIST_FILE = "HOUND_iOSTests/HOUND_iOSTests-Info.plist";
				LIBRARY_SEARCH_PATHS = (
					"$(inherited)",
					"\"$(SRCROOT)/../Res/iOS/CodeGear\"",
				);
				PRODUCT_NAME = "$(TARGET_NAME)";
				WRAPPER_EXTENSION = octest;
			};
			name = Release;
		};
/* End XCBuildConfiguration section */

/* Begin XCConfigurationList section */
		1BD215DB176F2EBB00147CC4 /* Build configuration list for PBXProject "HOUND_iOS" */ = {
			isa = XCConfigurationList;
			buildConfigurations = (
				1BD21603176F2EBB00147CC4 /* Debug */,
				1BD21604176F2EBB00147CC4 /* Release */,
			);
			defaultConfigurationIsVisible = 0;
			defaultConfigurationName = Release;
		};
		1BD21605176F2EBB00147CC4 /* Build configuration list for PBXNativeTarget "HOUND_iOS" */ = {
			isa = XCConfigurationList;
			buildConfigurations = (
				1BD21606176F2EBB00147CC4 /* Debug */,
				1BD21607176F2EBB00147CC4 /* Release */,
			);
			defaultConfigurationIsVisible = 0;
			defaultConfigurationName = Release;
		};
		1BD21608176F2EBB00147CC4 /* Build configuration list for PBXNativeTarget "HOUND_iOSTests" */ = {
			isa = XCConfigurationList;
			buildConfigurations = (
				1BD21609176F2EBB00147CC4 /* Debug */,
				1BD2160A176F2EBB00147CC4 /* Release */,
			);
			defaultConfigurationIsVisible = 0;
			defaultConfigurationName = Release;
		};
/* End XCConfigurationList section */

/* Begin XCVersionGroup section */
		8DFE2CE91786929F009855DB /* DCCoreDataDiskCache.xcdatamodeld */ = {
			isa = XCVersionGroup;
			children = (
				8DFE2CEA1786929F009855DB /* DCCoreDataDiskCache.xcdatamodel */,
			);
			currentVersion = 8DFE2CEA1786929F009855DB /* DCCoreDataDiskCache.xcdatamodel */;
			name = DCCoreDataDiskCache.xcdatamodeld;
			path = ../../HOUND/DCCoreDataDiskCache.xcdatamodeld;
			sourceTree = "<group>";
			versionGroupType = wrapper.xcdatamodel;
		};
/* End XCVersionGroup section */
	};
	rootObject = 1BD215D8176F2EBB00147CC4 /* Project object */;
}
