// !$*UTF8*$!
{
	archiveVersion = 1;
	classes = {
	};
	objectVersion = 46;
	objects = {

/* Begin PBXBuildFile section */
		8920A3F7198B7C1C00B9D7F7 /* Cocoa.framework in Frameworks */ = {isa = PBXBuildFile; fileRef = 8920A3F6198B7C1C00B9D7F7 /* Cocoa.framework */; };
		8920A401198B7C1C00B9D7F7 /* InfoPlist.strings in Resources */ = {isa = PBXBuildFile; fileRef = 8920A3FF198B7C1C00B9D7F7 /* InfoPlist.strings */; };
		8920A405198B7C1C00B9D7F7 /* FOX.m in Sources */ = {isa = PBXBuildFile; fileRef = 8920A404198B7C1C00B9D7F7 /* FOX.m */; };
		8920A40C198B7C1C00B9D7F7 /* XCTest.framework in Frameworks */ = {isa = PBXBuildFile; fileRef = 8920A40B198B7C1C00B9D7F7 /* XCTest.framework */; };
		8920A40D198B7C1C00B9D7F7 /* Cocoa.framework in Frameworks */ = {isa = PBXBuildFile; fileRef = 8920A3F6198B7C1C00B9D7F7 /* Cocoa.framework */; };
		8920A410198B7C1C00B9D7F7 /* FOX.framework in Frameworks */ = {isa = PBXBuildFile; fileRef = 8920A3F3198B7C1C00B9D7F7 /* FOX.framework */; };
		8920A416198B7C1C00B9D7F7 /* InfoPlist.strings in Resources */ = {isa = PBXBuildFile; fileRef = 8920A414198B7C1C00B9D7F7 /* InfoPlist.strings */; };
		8920A418198B7C1C00B9D7F7 /* FOXTests.m in Sources */ = {isa = PBXBuildFile; fileRef = 8920A417198B7C1C00B9D7F7 /* FOXTests.m */; };
		8920A427198B7C3300B9D7F7 /* Foundation.framework in Frameworks */ = {isa = PBXBuildFile; fileRef = 8920A426198B7C3300B9D7F7 /* Foundation.framework */; };
		8920A42C198B7C3300B9D7F7 /* FOX_iOS.h in CopyFiles */ = {isa = PBXBuildFile; fileRef = 8920A42B198B7C3300B9D7F7 /* FOX_iOS.h */; };
		8920A42E198B7C3300B9D7F7 /* FOX_iOS.m in Sources */ = {isa = PBXBuildFile; fileRef = 8920A42D198B7C3300B9D7F7 /* FOX_iOS.m */; };
		8920A434198B7C3300B9D7F7 /* XCTest.framework in Frameworks */ = {isa = PBXBuildFile; fileRef = 8920A40B198B7C1C00B9D7F7 /* XCTest.framework */; };
		8920A435198B7C3300B9D7F7 /* Foundation.framework in Frameworks */ = {isa = PBXBuildFile; fileRef = 8920A426198B7C3300B9D7F7 /* Foundation.framework */; };
		8920A437198B7C3300B9D7F7 /* UIKit.framework in Frameworks */ = {isa = PBXBuildFile; fileRef = 8920A436198B7C3300B9D7F7 /* UIKit.framework */; };
		8920A43A198B7C3300B9D7F7 /* libFOX-iOS.a in Frameworks */ = {isa = PBXBuildFile; fileRef = 8920A425198B7C3300B9D7F7 /* libFOX-iOS.a */; };
		8920A440198B7C3300B9D7F7 /* InfoPlist.strings in Resources */ = {isa = PBXBuildFile; fileRef = 8920A43E198B7C3300B9D7F7 /* InfoPlist.strings */; };
		8920A442198B7C3300B9D7F7 /* FOX_iOSTests.m in Sources */ = {isa = PBXBuildFile; fileRef = 8920A441198B7C3300B9D7F7 /* FOX_iOSTests.m */; };
		8920A45A198B7C5600B9D7F7 /* Tourbillon.framework in Frameworks */ = {isa = PBXBuildFile; fileRef = 8920A451198B7C4800B9D7F7 /* Tourbillon.framework */; };
		8920A45F198B7C6700B9D7F7 /* libTourbillon-iOS.a in Frameworks */ = {isa = PBXBuildFile; fileRef = 8920A455198B7C4800B9D7F7 /* libTourbillon-iOS.a */; };
/* End PBXBuildFile section */

/* Begin PBXContainerItemProxy section */
		8920A40E198B7C1C00B9D7F7 /* PBXContainerItemProxy */ = {
			isa = PBXContainerItemProxy;
			containerPortal = 8920A3EA198B7C1C00B9D7F7 /* Project object */;
			proxyType = 1;
			remoteGlobalIDString = 8920A3F2198B7C1C00B9D7F7;
			remoteInfo = FOX;
		};
		8920A438198B7C3300B9D7F7 /* PBXContainerItemProxy */ = {
			isa = PBXContainerItemProxy;
			containerPortal = 8920A3EA198B7C1C00B9D7F7 /* Project object */;
			proxyType = 1;
			remoteGlobalIDString = 8920A424198B7C3300B9D7F7;
			remoteInfo = "FOX-iOS";
		};
		8920A450198B7C4800B9D7F7 /* PBXContainerItemProxy */ = {
			isa = PBXContainerItemProxy;
			containerPortal = 8920A449198B7C4800B9D7F7 /* Tourbillon.xcodeproj */;
			proxyType = 2;
			remoteGlobalIDString = 89E137401925B11000A3EFB7;
			remoteInfo = Tourbillon;
		};
		8920A452198B7C4800B9D7F7 /* PBXContainerItemProxy */ = {
			isa = PBXContainerItemProxy;
			containerPortal = 8920A449198B7C4800B9D7F7 /* Tourbillon.xcodeproj */;
			proxyType = 2;
			remoteGlobalIDString = 89E137571925B11000A3EFB7;
			remoteInfo = TourbillonTests;
		};
		8920A454198B7C4800B9D7F7 /* PBXContainerItemProxy */ = {
			isa = PBXContainerItemProxy;
			containerPortal = 8920A449198B7C4800B9D7F7 /* Tourbillon.xcodeproj */;
			proxyType = 2;
			remoteGlobalIDString = 89E137721925B13D00A3EFB7;
			remoteInfo = "Tourbillon-iOS";
		};
		8920A456198B7C4800B9D7F7 /* PBXContainerItemProxy */ = {
			isa = PBXContainerItemProxy;
			containerPortal = 8920A449198B7C4800B9D7F7 /* Tourbillon.xcodeproj */;
			proxyType = 2;
			remoteGlobalIDString = 89E137801925B13D00A3EFB7;
			remoteInfo = "Tourbillon-iOSTests";
		};
		8920A458198B7C5100B9D7F7 /* PBXContainerItemProxy */ = {
			isa = PBXContainerItemProxy;
			containerPortal = 8920A449198B7C4800B9D7F7 /* Tourbillon.xcodeproj */;
			proxyType = 1;
			remoteGlobalIDString = 89E1373F1925B11000A3EFB7;
			remoteInfo = Tourbillon;
		};
		8920A45D198B7C6400B9D7F7 /* PBXContainerItemProxy */ = {
			isa = PBXContainerItemProxy;
			containerPortal = 8920A449198B7C4800B9D7F7 /* Tourbillon.xcodeproj */;
			proxyType = 1;
			remoteGlobalIDString = 89E137711925B13D00A3EFB7;
			remoteInfo = "Tourbillon-iOS";
		};
/* End PBXContainerItemProxy section */

/* Begin PBXCopyFilesBuildPhase section */
		8920A423198B7C3300B9D7F7 /* CopyFiles */ = {
			isa = PBXCopyFilesBuildPhase;
			buildActionMask = 2147483647;
			dstPath = "include/$(PRODUCT_NAME)";
			dstSubfolderSpec = 16;
			files = (
				8920A42C198B7C3300B9D7F7 /* FOX_iOS.h in CopyFiles */,
			);
			runOnlyForDeploymentPostprocessing = 0;
		};
/* End PBXCopyFilesBuildPhase section */

/* Begin PBXFileReference section */
		8920A3F3198B7C1C00B9D7F7 /* FOX.framework */ = {isa = PBXFileReference; explicitFileType = wrapper.framework; includeInIndex = 0; path = FOX.framework; sourceTree = BUILT_PRODUCTS_DIR; };
		8920A3F6198B7C1C00B9D7F7 /* Cocoa.framework */ = {isa = PBXFileReference; lastKnownFileType = wrapper.framework; name = Cocoa.framework; path = System/Library/Frameworks/Cocoa.framework; sourceTree = SDKROOT; };
		8920A3F9198B7C1C00B9D7F7 /* Foundation.framework */ = {isa = PBXFileReference; lastKnownFileType = wrapper.framework; name = Foundation.framework; path = System/Library/Frameworks/Foundation.framework; sourceTree = SDKROOT; };
		8920A3FA198B7C1C00B9D7F7 /* CoreData.framework */ = {isa = PBXFileReference; lastKnownFileType = wrapper.framework; name = CoreData.framework; path = System/Library/Frameworks/CoreData.framework; sourceTree = SDKROOT; };
		8920A3FB198B7C1C00B9D7F7 /* AppKit.framework */ = {isa = PBXFileReference; lastKnownFileType = wrapper.framework; name = AppKit.framework; path = System/Library/Frameworks/AppKit.framework; sourceTree = SDKROOT; };
		8920A3FE198B7C1C00B9D7F7 /* FOX-Info.plist */ = {isa = PBXFileReference; lastKnownFileType = text.plist.xml; path = "FOX-Info.plist"; sourceTree = "<group>"; };
		8920A400198B7C1C00B9D7F7 /* en */ = {isa = PBXFileReference; lastKnownFileType = text.plist.strings; name = en; path = en.lproj/InfoPlist.strings; sourceTree = "<group>"; };
		8920A402198B7C1C00B9D7F7 /* FOX-Prefix.pch */ = {isa = PBXFileReference; lastKnownFileType = sourcecode.c.h; path = "FOX-Prefix.pch"; sourceTree = "<group>"; };
		8920A403198B7C1C00B9D7F7 /* FOX.h */ = {isa = PBXFileReference; lastKnownFileType = sourcecode.c.h; path = FOX.h; sourceTree = "<group>"; };
		8920A404198B7C1C00B9D7F7 /* FOX.m */ = {isa = PBXFileReference; lastKnownFileType = sourcecode.c.objc; path = FOX.m; sourceTree = "<group>"; };
		8920A40A198B7C1C00B9D7F7 /* FOXTests.xctest */ = {isa = PBXFileReference; explicitFileType = wrapper.cfbundle; includeInIndex = 0; path = FOXTests.xctest; sourceTree = BUILT_PRODUCTS_DIR; };
		8920A40B198B7C1C00B9D7F7 /* XCTest.framework */ = {isa = PBXFileReference; lastKnownFileType = wrapper.framework; name = XCTest.framework; path = Library/Frameworks/XCTest.framework; sourceTree = DEVELOPER_DIR; };
		8920A413198B7C1C00B9D7F7 /* FOXTests-Info.plist */ = {isa = PBXFileReference; lastKnownFileType = text.plist.xml; path = "FOXTests-Info.plist"; sourceTree = "<group>"; };
		8920A415198B7C1C00B9D7F7 /* en */ = {isa = PBXFileReference; lastKnownFileType = text.plist.strings; name = en; path = en.lproj/InfoPlist.strings; sourceTree = "<group>"; };
		8920A417198B7C1C00B9D7F7 /* FOXTests.m */ = {isa = PBXFileReference; lastKnownFileType = sourcecode.c.objc; path = FOXTests.m; sourceTree = "<group>"; };
		8920A425198B7C3300B9D7F7 /* libFOX-iOS.a */ = {isa = PBXFileReference; explicitFileType = archive.ar; includeInIndex = 0; path = "libFOX-iOS.a"; sourceTree = BUILT_PRODUCTS_DIR; };
		8920A426198B7C3300B9D7F7 /* Foundation.framework */ = {isa = PBXFileReference; lastKnownFileType = wrapper.framework; name = Foundation.framework; path = System/Library/Frameworks/Foundation.framework; sourceTree = SDKROOT; };
		8920A42A198B7C3300B9D7F7 /* FOX-iOS-Prefix.pch */ = {isa = PBXFileReference; lastKnownFileType = sourcecode.c.h; path = "FOX-iOS-Prefix.pch"; sourceTree = "<group>"; };
		8920A42B198B7C3300B9D7F7 /* FOX_iOS.h */ = {isa = PBXFileReference; lastKnownFileType = sourcecode.c.h; path = FOX_iOS.h; sourceTree = "<group>"; };
		8920A42D198B7C3300B9D7F7 /* FOX_iOS.m */ = {isa = PBXFileReference; lastKnownFileType = sourcecode.c.objc; path = FOX_iOS.m; sourceTree = "<group>"; };
		8920A433198B7C3300B9D7F7 /* FOX-iOSTests.xctest */ = {isa = PBXFileReference; explicitFileType = wrapper.cfbundle; includeInIndex = 0; path = "FOX-iOSTests.xctest"; sourceTree = BUILT_PRODUCTS_DIR; };
		8920A436198B7C3300B9D7F7 /* UIKit.framework */ = {isa = PBXFileReference; lastKnownFileType = wrapper.framework; name = UIKit.framework; path = Library/Frameworks/UIKit.framework; sourceTree = DEVELOPER_DIR; };
		8920A43D198B7C3300B9D7F7 /* FOX-iOSTests-Info.plist */ = {isa = PBXFileReference; lastKnownFileType = text.plist.xml; path = "FOX-iOSTests-Info.plist"; sourceTree = "<group>"; };
		8920A43F198B7C3300B9D7F7 /* en */ = {isa = PBXFileReference; lastKnownFileType = text.plist.strings; name = en; path = en.lproj/InfoPlist.strings; sourceTree = "<group>"; };
		8920A441198B7C3300B9D7F7 /* FOX_iOSTests.m */ = {isa = PBXFileReference; lastKnownFileType = sourcecode.c.objc; path = FOX_iOSTests.m; sourceTree = "<group>"; };
		8920A449198B7C4800B9D7F7 /* Tourbillon.xcodeproj */ = {isa = PBXFileReference; lastKnownFileType = "wrapper.pb-project"; name = Tourbillon.xcodeproj; path = ../../Tourbillon/Tourbillon.xcodeproj; sourceTree = "<group>"; };
/* End PBXFileReference section */

/* Begin PBXFrameworksBuildPhase section */
		8920A3EF198B7C1C00B9D7F7 /* Frameworks */ = {
			isa = PBXFrameworksBuildPhase;
			buildActionMask = 2147483647;
			files = (
				8920A45A198B7C5600B9D7F7 /* Tourbillon.framework in Frameworks */,
				8920A3F7198B7C1C00B9D7F7 /* Cocoa.framework in Frameworks */,
			);
			runOnlyForDeploymentPostprocessing = 0;
		};
		8920A407198B7C1C00B9D7F7 /* Frameworks */ = {
			isa = PBXFrameworksBuildPhase;
			buildActionMask = 2147483647;
			files = (
				8920A40D198B7C1C00B9D7F7 /* Cocoa.framework in Frameworks */,
				8920A410198B7C1C00B9D7F7 /* FOX.framework in Frameworks */,
				8920A40C198B7C1C00B9D7F7 /* XCTest.framework in Frameworks */,
			);
			runOnlyForDeploymentPostprocessing = 0;
		};
		8920A422198B7C3300B9D7F7 /* Frameworks */ = {
			isa = PBXFrameworksBuildPhase;
			buildActionMask = 2147483647;
			files = (
				8920A45F198B7C6700B9D7F7 /* libTourbillon-iOS.a in Frameworks */,
				8920A427198B7C3300B9D7F7 /* Foundation.framework in Frameworks */,
			);
			runOnlyForDeploymentPostprocessing = 0;
		};
		8920A430198B7C3300B9D7F7 /* Frameworks */ = {
			isa = PBXFrameworksBuildPhase;
			buildActionMask = 2147483647;
			files = (
				8920A434198B7C3300B9D7F7 /* XCTest.framework in Frameworks */,
				8920A437198B7C3300B9D7F7 /* UIKit.framework in Frameworks */,
				8920A435198B7C3300B9D7F7 /* Foundation.framework in Frameworks */,
				8920A43A198B7C3300B9D7F7 /* libFOX-iOS.a in Frameworks */,
			);
			runOnlyForDeploymentPostprocessing = 0;
		};
/* End PBXFrameworksBuildPhase section */

/* Begin PBXGroup section */
		8920A3E9198B7C1C00B9D7F7 = {
			isa = PBXGroup;
			children = (
				8920A449198B7C4800B9D7F7 /* Tourbillon.xcodeproj */,
				8920A3FC198B7C1C00B9D7F7 /* FOX */,
				8920A411198B7C1C00B9D7F7 /* FOXTests */,
				8920A428198B7C3300B9D7F7 /* FOX-iOS */,
				8920A43B198B7C3300B9D7F7 /* FOX-iOSTests */,
				8920A3F5198B7C1C00B9D7F7 /* Frameworks */,
				8920A3F4198B7C1C00B9D7F7 /* Products */,
			);
			sourceTree = "<group>";
		};
		8920A3F4198B7C1C00B9D7F7 /* Products */ = {
			isa = PBXGroup;
			children = (
				8920A3F3198B7C1C00B9D7F7 /* FOX.framework */,
				8920A40A198B7C1C00B9D7F7 /* FOXTests.xctest */,
				8920A425198B7C3300B9D7F7 /* libFOX-iOS.a */,
				8920A433198B7C3300B9D7F7 /* FOX-iOSTests.xctest */,
			);
			name = Products;
			sourceTree = "<group>";
		};
		8920A3F5198B7C1C00B9D7F7 /* Frameworks */ = {
			isa = PBXGroup;
			children = (
				8920A3F6198B7C1C00B9D7F7 /* Cocoa.framework */,
				8920A40B198B7C1C00B9D7F7 /* XCTest.framework */,
				8920A426198B7C3300B9D7F7 /* Foundation.framework */,
				8920A436198B7C3300B9D7F7 /* UIKit.framework */,
				8920A3F8198B7C1C00B9D7F7 /* Other Frameworks */,
			);
			name = Frameworks;
			sourceTree = "<group>";
		};
		8920A3F8198B7C1C00B9D7F7 /* Other Frameworks */ = {
			isa = PBXGroup;
			children = (
				8920A3F9198B7C1C00B9D7F7 /* Foundation.framework */,
				8920A3FA198B7C1C00B9D7F7 /* CoreData.framework */,
				8920A3FB198B7C1C00B9D7F7 /* AppKit.framework */,
			);
			name = "Other Frameworks";
			sourceTree = "<group>";
		};
		8920A3FC198B7C1C00B9D7F7 /* FOX */ = {
			isa = PBXGroup;
			children = (
				8920A403198B7C1C00B9D7F7 /* FOX.h */,
				8920A404198B7C1C00B9D7F7 /* FOX.m */,
				8920A3FD198B7C1C00B9D7F7 /* Supporting Files */,
			);
			path = FOX;
			sourceTree = "<group>";
		};
		8920A3FD198B7C1C00B9D7F7 /* Supporting Files */ = {
			isa = PBXGroup;
			children = (
				8920A3FE198B7C1C00B9D7F7 /* FOX-Info.plist */,
				8920A3FF198B7C1C00B9D7F7 /* InfoPlist.strings */,
				8920A402198B7C1C00B9D7F7 /* FOX-Prefix.pch */,
			);
			name = "Supporting Files";
			sourceTree = "<group>";
		};
		8920A411198B7C1C00B9D7F7 /* FOXTests */ = {
			isa = PBXGroup;
			children = (
				8920A417198B7C1C00B9D7F7 /* FOXTests.m */,
				8920A412198B7C1C00B9D7F7 /* Supporting Files */,
			);
			path = FOXTests;
			sourceTree = "<group>";
		};
		8920A412198B7C1C00B9D7F7 /* Supporting Files */ = {
			isa = PBXGroup;
			children = (
				8920A413198B7C1C00B9D7F7 /* FOXTests-Info.plist */,
				8920A414198B7C1C00B9D7F7 /* InfoPlist.strings */,
			);
			name = "Supporting Files";
			sourceTree = "<group>";
		};
		8920A428198B7C3300B9D7F7 /* FOX-iOS */ = {
			isa = PBXGroup;
			children = (
				8920A42B198B7C3300B9D7F7 /* FOX_iOS.h */,
				8920A42D198B7C3300B9D7F7 /* FOX_iOS.m */,
				8920A429198B7C3300B9D7F7 /* Supporting Files */,
			);
			path = "FOX-iOS";
			sourceTree = "<group>";
		};
		8920A429198B7C3300B9D7F7 /* Supporting Files */ = {
			isa = PBXGroup;
			children = (
				8920A42A198B7C3300B9D7F7 /* FOX-iOS-Prefix.pch */,
			);
			name = "Supporting Files";
			sourceTree = "<group>";
		};
		8920A43B198B7C3300B9D7F7 /* FOX-iOSTests */ = {
			isa = PBXGroup;
			children = (
				8920A441198B7C3300B9D7F7 /* FOX_iOSTests.m */,
				8920A43C198B7C3300B9D7F7 /* Supporting Files */,
			);
			path = "FOX-iOSTests";
			sourceTree = "<group>";
		};
		8920A43C198B7C3300B9D7F7 /* Supporting Files */ = {
			isa = PBXGroup;
			children = (
				8920A43D198B7C3300B9D7F7 /* FOX-iOSTests-Info.plist */,
				8920A43E198B7C3300B9D7F7 /* InfoPlist.strings */,
			);
			name = "Supporting Files";
			sourceTree = "<group>";
		};
		8920A44A198B7C4800B9D7F7 /* Products */ = {
			isa = PBXGroup;
			children = (
				8920A451198B7C4800B9D7F7 /* Tourbillon.framework */,
				8920A453198B7C4800B9D7F7 /* TourbillonTests.xctest */,
				8920A455198B7C4800B9D7F7 /* libTourbillon-iOS.a */,
				8920A457198B7C4800B9D7F7 /* Tourbillon-iOSTests.xctest */,
			);
			name = Products;
			sourceTree = "<group>";
		};
/* End PBXGroup section */

/* Begin PBXHeadersBuildPhase section */
		8920A3F0198B7C1C00B9D7F7 /* Headers */ = {
			isa = PBXHeadersBuildPhase;
			buildActionMask = 2147483647;
			files = (
			);
			runOnlyForDeploymentPostprocessing = 0;
		};
/* End PBXHeadersBuildPhase section */

/* Begin PBXNativeTarget section */
		8920A3F2198B7C1C00B9D7F7 /* FOX */ = {
			isa = PBXNativeTarget;
			buildConfigurationList = 8920A41B198B7C1C00B9D7F7 /* Build configuration list for PBXNativeTarget "FOX" */;
			buildPhases = (
				8920A3EE198B7C1C00B9D7F7 /* Sources */,
				8920A3EF198B7C1C00B9D7F7 /* Frameworks */,
				8920A3F0198B7C1C00B9D7F7 /* Headers */,
				8920A3F1198B7C1C00B9D7F7 /* Resources */,
			);
			buildRules = (
			);
			dependencies = (
				8920A459198B7C5100B9D7F7 /* PBXTargetDependency */,
			);
			name = FOX;
			productName = FOX;
			productReference = 8920A3F3198B7C1C00B9D7F7 /* FOX.framework */;
			productType = "com.apple.product-type.framework";
		};
		8920A409198B7C1C00B9D7F7 /* FOXTests */ = {
			isa = PBXNativeTarget;
			buildConfigurationList = 8920A41E198B7C1C00B9D7F7 /* Build configuration list for PBXNativeTarget "FOXTests" */;
			buildPhases = (
				8920A406198B7C1C00B9D7F7 /* Sources */,
				8920A407198B7C1C00B9D7F7 /* Frameworks */,
				8920A408198B7C1C00B9D7F7 /* Resources */,
			);
			buildRules = (
			);
			dependencies = (
				8920A40F198B7C1C00B9D7F7 /* PBXTargetDependency */,
			);
			name = FOXTests;
			productName = FOXTests;
			productReference = 8920A40A198B7C1C00B9D7F7 /* FOXTests.xctest */;
			productType = "com.apple.product-type.bundle.unit-test";
		};
		8920A424198B7C3300B9D7F7 /* FOX-iOS */ = {
			isa = PBXNativeTarget;
			buildConfigurationList = 8920A443198B7C3300B9D7F7 /* Build configuration list for PBXNativeTarget "FOX-iOS" */;
			buildPhases = (
				8920A421198B7C3300B9D7F7 /* Sources */,
				8920A422198B7C3300B9D7F7 /* Frameworks */,
				8920A423198B7C3300B9D7F7 /* CopyFiles */,
			);
			buildRules = (
			);
			dependencies = (
				8920A45E198B7C6400B9D7F7 /* PBXTargetDependency */,
			);
			name = "FOX-iOS";
			productName = "FOX-iOS";
			productReference = 8920A425198B7C3300B9D7F7 /* libFOX-iOS.a */;
			productType = "com.apple.product-type.library.static";
		};
		8920A432198B7C3300B9D7F7 /* FOX-iOSTests */ = {
			isa = PBXNativeTarget;
			buildConfigurationList = 8920A446198B7C3300B9D7F7 /* Build configuration list for PBXNativeTarget "FOX-iOSTests" */;
			buildPhases = (
				8920A42F198B7C3300B9D7F7 /* Sources */,
				8920A430198B7C3300B9D7F7 /* Frameworks */,
				8920A431198B7C3300B9D7F7 /* Resources */,
			);
			buildRules = (
			);
			dependencies = (
				8920A439198B7C3300B9D7F7 /* PBXTargetDependency */,
			);
			name = "FOX-iOSTests";
			productName = "FOX-iOSTests";
			productReference = 8920A433198B7C3300B9D7F7 /* FOX-iOSTests.xctest */;
			productType = "com.apple.product-type.bundle.unit-test";
		};
/* End PBXNativeTarget section */

/* Begin PBXProject section */
		8920A3EA198B7C1C00B9D7F7 /* Project object */ = {
			isa = PBXProject;
			attributes = {
				LastUpgradeCheck = 0510;
				ORGANIZATIONNAME = "Derek Chen";
				TargetAttributes = {
					8920A409198B7C1C00B9D7F7 = {
						TestTargetID = 8920A3F2198B7C1C00B9D7F7;
					};
					8920A432198B7C3300B9D7F7 = {
						TestTargetID = 8920A3F2198B7C1C00B9D7F7;
					};
				};
			};
			buildConfigurationList = 8920A3ED198B7C1C00B9D7F7 /* Build configuration list for PBXProject "FOX" */;
			compatibilityVersion = "Xcode 3.2";
			developmentRegion = English;
			hasScannedForEncodings = 0;
			knownRegions = (
				en,
			);
			mainGroup = 8920A3E9198B7C1C00B9D7F7;
			productRefGroup = 8920A3F4198B7C1C00B9D7F7 /* Products */;
			projectDirPath = "";
			projectReferences = (
				{
					ProductGroup = 8920A44A198B7C4800B9D7F7 /* Products */;
					ProjectRef = 8920A449198B7C4800B9D7F7 /* Tourbillon.xcodeproj */;
				},
			);
			projectRoot = "";
			targets = (
				8920A3F2198B7C1C00B9D7F7 /* FOX */,
				8920A409198B7C1C00B9D7F7 /* FOXTests */,
				8920A424198B7C3300B9D7F7 /* FOX-iOS */,
				8920A432198B7C3300B9D7F7 /* FOX-iOSTests */,
			);
		};
/* End PBXProject section */

/* Begin PBXReferenceProxy section */
		8920A451198B7C4800B9D7F7 /* Tourbillon.framework */ = {
			isa = PBXReferenceProxy;
			fileType = wrapper.framework;
			path = Tourbillon.framework;
			remoteRef = 8920A450198B7C4800B9D7F7 /* PBXContainerItemProxy */;
			sourceTree = BUILT_PRODUCTS_DIR;
		};
		8920A453198B7C4800B9D7F7 /* TourbillonTests.xctest */ = {
			isa = PBXReferenceProxy;
			fileType = wrapper.cfbundle;
			path = TourbillonTests.xctest;
			remoteRef = 8920A452198B7C4800B9D7F7 /* PBXContainerItemProxy */;
			sourceTree = BUILT_PRODUCTS_DIR;
		};
		8920A455198B7C4800B9D7F7 /* libTourbillon-iOS.a */ = {
			isa = PBXReferenceProxy;
			fileType = archive.ar;
			path = "libTourbillon-iOS.a";
			remoteRef = 8920A454198B7C4800B9D7F7 /* PBXContainerItemProxy */;
			sourceTree = BUILT_PRODUCTS_DIR;
		};
		8920A457198B7C4800B9D7F7 /* Tourbillon-iOSTests.xctest */ = {
			isa = PBXReferenceProxy;
			fileType = wrapper.cfbundle;
			path = "Tourbillon-iOSTests.xctest";
			remoteRef = 8920A456198B7C4800B9D7F7 /* PBXContainerItemProxy */;
			sourceTree = BUILT_PRODUCTS_DIR;
		};
/* End PBXReferenceProxy section */

/* Begin PBXResourcesBuildPhase section */
		8920A3F1198B7C1C00B9D7F7 /* Resources */ = {
			isa = PBXResourcesBuildPhase;
			buildActionMask = 2147483647;
			files = (
				8920A401198B7C1C00B9D7F7 /* InfoPlist.strings in Resources */,
			);
			runOnlyForDeploymentPostprocessing = 0;
		};
		8920A408198B7C1C00B9D7F7 /* Resources */ = {
			isa = PBXResourcesBuildPhase;
			buildActionMask = 2147483647;
			files = (
				8920A416198B7C1C00B9D7F7 /* InfoPlist.strings in Resources */,
			);
			runOnlyForDeploymentPostprocessing = 0;
		};
		8920A431198B7C3300B9D7F7 /* Resources */ = {
			isa = PBXResourcesBuildPhase;
			buildActionMask = 2147483647;
			files = (
				8920A440198B7C3300B9D7F7 /* InfoPlist.strings in Resources */,
			);
			runOnlyForDeploymentPostprocessing = 0;
		};
/* End PBXResourcesBuildPhase section */

/* Begin PBXSourcesBuildPhase section */
		8920A3EE198B7C1C00B9D7F7 /* Sources */ = {
			isa = PBXSourcesBuildPhase;
			buildActionMask = 2147483647;
			files = (
				8920A405198B7C1C00B9D7F7 /* FOX.m in Sources */,
			);
			runOnlyForDeploymentPostprocessing = 0;
		};
		8920A406198B7C1C00B9D7F7 /* Sources */ = {
			isa = PBXSourcesBuildPhase;
			buildActionMask = 2147483647;
			files = (
				8920A418198B7C1C00B9D7F7 /* FOXTests.m in Sources */,
			);
			runOnlyForDeploymentPostprocessing = 0;
		};
		8920A421198B7C3300B9D7F7 /* Sources */ = {
			isa = PBXSourcesBuildPhase;
			buildActionMask = 2147483647;
			files = (
				8920A42E198B7C3300B9D7F7 /* FOX_iOS.m in Sources */,
			);
			runOnlyForDeploymentPostprocessing = 0;
		};
		8920A42F198B7C3300B9D7F7 /* Sources */ = {
			isa = PBXSourcesBuildPhase;
			buildActionMask = 2147483647;
			files = (
				8920A442198B7C3300B9D7F7 /* FOX_iOSTests.m in Sources */,
			);
			runOnlyForDeploymentPostprocessing = 0;
		};
/* End PBXSourcesBuildPhase section */

/* Begin PBXTargetDependency section */
		8920A40F198B7C1C00B9D7F7 /* PBXTargetDependency */ = {
			isa = PBXTargetDependency;
			target = 8920A3F2198B7C1C00B9D7F7 /* FOX */;
			targetProxy = 8920A40E198B7C1C00B9D7F7 /* PBXContainerItemProxy */;
		};
		8920A439198B7C3300B9D7F7 /* PBXTargetDependency */ = {
			isa = PBXTargetDependency;
			target = 8920A424198B7C3300B9D7F7 /* FOX-iOS */;
			targetProxy = 8920A438198B7C3300B9D7F7 /* PBXContainerItemProxy */;
		};
		8920A459198B7C5100B9D7F7 /* PBXTargetDependency */ = {
			isa = PBXTargetDependency;
			name = Tourbillon;
			targetProxy = 8920A458198B7C5100B9D7F7 /* PBXContainerItemProxy */;
		};
		8920A45E198B7C6400B9D7F7 /* PBXTargetDependency */ = {
			isa = PBXTargetDependency;
			name = "Tourbillon-iOS";
			targetProxy = 8920A45D198B7C6400B9D7F7 /* PBXContainerItemProxy */;
		};
/* End PBXTargetDependency section */

/* Begin PBXVariantGroup section */
		8920A3FF198B7C1C00B9D7F7 /* InfoPlist.strings */ = {
			isa = PBXVariantGroup;
			children = (
				8920A400198B7C1C00B9D7F7 /* en */,
			);
			name = InfoPlist.strings;
			sourceTree = "<group>";
		};
		8920A414198B7C1C00B9D7F7 /* InfoPlist.strings */ = {
			isa = PBXVariantGroup;
			children = (
				8920A415198B7C1C00B9D7F7 /* en */,
			);
			name = InfoPlist.strings;
			sourceTree = "<group>";
		};
		8920A43E198B7C3300B9D7F7 /* InfoPlist.strings */ = {
			isa = PBXVariantGroup;
			children = (
				8920A43F198B7C3300B9D7F7 /* en */,
			);
			name = InfoPlist.strings;
			sourceTree = "<group>";
		};
/* End PBXVariantGroup section */

/* Begin XCBuildConfiguration section */
		8920A419198B7C1C00B9D7F7 /* Debug */ = {
			isa = XCBuildConfiguration;
			buildSettings = {
				ALWAYS_SEARCH_USER_PATHS = NO;
				CLANG_CXX_LANGUAGE_STANDARD = "gnu++0x";
				CLANG_CXX_LIBRARY = "libc++";
				CLANG_ENABLE_MODULES = YES;
				CLANG_ENABLE_OBJC_ARC = YES;
				CLANG_WARN_BOOL_CONVERSION = YES;
				CLANG_WARN_CONSTANT_CONVERSION = YES;
				CLANG_WARN_DIRECT_OBJC_ISA_USAGE = YES_ERROR;
				CLANG_WARN_EMPTY_BODY = YES;
				CLANG_WARN_ENUM_CONVERSION = YES;
				CLANG_WARN_INT_CONVERSION = YES;
				CLANG_WARN_OBJC_ROOT_CLASS = YES_ERROR;
				CLANG_WARN__DUPLICATE_METHOD_MATCH = YES;
				COPY_PHASE_STRIP = NO;
				GCC_C_LANGUAGE_STANDARD = gnu99;
				GCC_DYNAMIC_NO_PIC = NO;
				GCC_ENABLE_OBJC_EXCEPTIONS = YES;
				GCC_OPTIMIZATION_LEVEL = 0;
				GCC_PREPROCESSOR_DEFINITIONS = (
					"DEBUG=1",
					"$(inherited)",
				);
				GCC_SYMBOLS_PRIVATE_EXTERN = NO;
				GCC_WARN_64_TO_32_BIT_CONVERSION = YES;
				GCC_WARN_ABOUT_RETURN_TYPE = YES_ERROR;
				GCC_WARN_UNDECLARED_SELECTOR = YES;
				GCC_WARN_UNINITIALIZED_AUTOS = YES_AGGRESSIVE;
				GCC_WARN_UNUSED_FUNCTION = YES;
				GCC_WARN_UNUSED_VARIABLE = YES;
				MACOSX_DEPLOYMENT_TARGET = 10.9;
				ONLY_ACTIVE_ARCH = YES;
				SDKROOT = macosx;
			};
			name = Debug;
		};
		8920A41A198B7C1C00B9D7F7 /* Release */ = {
			isa = XCBuildConfiguration;
			buildSettings = {
				ALWAYS_SEARCH_USER_PATHS = NO;
				CLANG_CXX_LANGUAGE_STANDARD = "gnu++0x";
				CLANG_CXX_LIBRARY = "libc++";
				CLANG_ENABLE_MODULES = YES;
				CLANG_ENABLE_OBJC_ARC = YES;
				CLANG_WARN_BOOL_CONVERSION = YES;
				CLANG_WARN_CONSTANT_CONVERSION = YES;
				CLANG_WARN_DIRECT_OBJC_ISA_USAGE = YES_ERROR;
				CLANG_WARN_EMPTY_BODY = YES;
				CLANG_WARN_ENUM_CONVERSION = YES;
				CLANG_WARN_INT_CONVERSION = YES;
				CLANG_WARN_OBJC_ROOT_CLASS = YES_ERROR;
				CLANG_WARN__DUPLICATE_METHOD_MATCH = YES;
				COPY_PHASE_STRIP = YES;
				DEBUG_INFORMATION_FORMAT = "dwarf-with-dsym";
				ENABLE_NS_ASSERTIONS = NO;
				GCC_C_LANGUAGE_STANDARD = gnu99;
				GCC_ENABLE_OBJC_EXCEPTIONS = YES;
				GCC_WARN_64_TO_32_BIT_CONVERSION = YES;
				GCC_WARN_ABOUT_RETURN_TYPE = YES_ERROR;
				GCC_WARN_UNDECLARED_SELECTOR = YES;
				GCC_WARN_UNINITIALIZED_AUTOS = YES_AGGRESSIVE;
				GCC_WARN_UNUSED_FUNCTION = YES;
				GCC_WARN_UNUSED_VARIABLE = YES;
				MACOSX_DEPLOYMENT_TARGET = 10.9;
				SDKROOT = macosx;
			};
			name = Release;
		};
		8920A41C198B7C1C00B9D7F7 /* Debug */ = {
			isa = XCBuildConfiguration;
			buildSettings = {
				COMBINE_HIDPI_IMAGES = YES;
				DYLIB_COMPATIBILITY_VERSION = 1;
				DYLIB_CURRENT_VERSION = 1;
				FRAMEWORK_VERSION = A;
				GCC_PRECOMPILE_PREFIX_HEADER = YES;
				GCC_PREFIX_HEADER = "FOX/FOX-Prefix.pch";
				INFOPLIST_FILE = "FOX/FOX-Info.plist";
				PRODUCT_NAME = "$(TARGET_NAME)";
				WRAPPER_EXTENSION = framework;
			};
			name = Debug;
		};
		8920A41D198B7C1C00B9D7F7 /* Release */ = {
			isa = XCBuildConfiguration;
			buildSettings = {
				COMBINE_HIDPI_IMAGES = YES;
				DYLIB_COMPATIBILITY_VERSION = 1;
				DYLIB_CURRENT_VERSION = 1;
				FRAMEWORK_VERSION = A;
				GCC_PRECOMPILE_PREFIX_HEADER = YES;
				GCC_PREFIX_HEADER = "FOX/FOX-Prefix.pch";
				INFOPLIST_FILE = "FOX/FOX-Info.plist";
				PRODUCT_NAME = "$(TARGET_NAME)";
				WRAPPER_EXTENSION = framework;
			};
			name = Release;
		};
		8920A41F198B7C1C00B9D7F7 /* Debug */ = {
			isa = XCBuildConfiguration;
			buildSettings = {
				BUNDLE_LOADER = "$(BUILT_PRODUCTS_DIR)/FOX.framework/Versions/A/FOX";
				COMBINE_HIDPI_IMAGES = YES;
				FRAMEWORK_SEARCH_PATHS = (
					"$(DEVELOPER_FRAMEWORKS_DIR)",
					"$(inherited)",
				);
				GCC_PRECOMPILE_PREFIX_HEADER = YES;
				GCC_PREFIX_HEADER = "FOX/FOX-Prefix.pch";
				GCC_PREPROCESSOR_DEFINITIONS = (
					"DEBUG=1",
					"$(inherited)",
				);
				INFOPLIST_FILE = "FOXTests/FOXTests-Info.plist";
				PRODUCT_NAME = "$(TARGET_NAME)";
				TEST_HOST = "$(BUNDLE_LOADER)";
				WRAPPER_EXTENSION = xctest;
			};
			name = Debug;
		};
		8920A420198B7C1C00B9D7F7 /* Release */ = {
			isa = XCBuildConfiguration;
			buildSettings = {
				BUNDLE_LOADER = "$(BUILT_PRODUCTS_DIR)/FOX.framework/Versions/A/FOX";
				COMBINE_HIDPI_IMAGES = YES;
				FRAMEWORK_SEARCH_PATHS = (
					"$(DEVELOPER_FRAMEWORKS_DIR)",
					"$(inherited)",
				);
				GCC_PRECOMPILE_PREFIX_HEADER = YES;
				GCC_PREFIX_HEADER = "FOX/FOX-Prefix.pch";
				INFOPLIST_FILE = "FOXTests/FOXTests-Info.plist";
				PRODUCT_NAME = "$(TARGET_NAME)";
				TEST_HOST = "$(BUNDLE_LOADER)";
				WRAPPER_EXTENSION = xctest;
			};
			name = Release;
		};
		8920A444198B7C3300B9D7F7 /* Debug */ = {
			isa = XCBuildConfiguration;
			buildSettings = {
				DSTROOT = /tmp/FOX_iOS.dst;
				GCC_PRECOMPILE_PREFIX_HEADER = YES;
				GCC_PREFIX_HEADER = "FOX-iOS/FOX-iOS-Prefix.pch";
				GCC_PREPROCESSOR_DEFINITIONS = (
					"DEBUG=1",
					"$(inherited)",
				);
				IPHONEOS_DEPLOYMENT_TARGET = 7.1;
				OTHER_LDFLAGS = "-ObjC";
				PRODUCT_NAME = "$(TARGET_NAME)";
				SDKROOT = iphoneos;
				SKIP_INSTALL = YES;
			};
			name = Debug;
		};
		8920A445198B7C3300B9D7F7 /* Release */ = {
			isa = XCBuildConfiguration;
			buildSettings = {
				DSTROOT = /tmp/FOX_iOS.dst;
				GCC_PRECOMPILE_PREFIX_HEADER = YES;
				GCC_PREFIX_HEADER = "FOX-iOS/FOX-iOS-Prefix.pch";
				IPHONEOS_DEPLOYMENT_TARGET = 7.1;
				OTHER_LDFLAGS = "-ObjC";
				PRODUCT_NAME = "$(TARGET_NAME)";
				SDKROOT = iphoneos;
				SKIP_INSTALL = YES;
				VALIDATE_PRODUCT = YES;
			};
			name = Release;
		};
		8920A447198B7C3300B9D7F7 /* Debug */ = {
			isa = XCBuildConfiguration;
			buildSettings = {
				BUNDLE_LOADER = "$(BUILT_PRODUCTS_DIR)/FOX.framework/Versions/A/FOX";
				FRAMEWORK_SEARCH_PATHS = (
					"$(SDKROOT)/Developer/Library/Frameworks",
					"$(inherited)",
					"$(DEVELOPER_FRAMEWORKS_DIR)",
				);
				GCC_PRECOMPILE_PREFIX_HEADER = YES;
				GCC_PREFIX_HEADER = "FOX-iOS/FOX-iOS-Prefix.pch";
				GCC_PREPROCESSOR_DEFINITIONS = (
					"DEBUG=1",
					"$(inherited)",
				);
				INFOPLIST_FILE = "FOX-iOSTests/FOX-iOSTests-Info.plist";
				IPHONEOS_DEPLOYMENT_TARGET = 7.1;
				PRODUCT_NAME = "$(TARGET_NAME)";
				SDKROOT = iphoneos;
				TEST_HOST = "$(BUNDLE_LOADER)";
				WRAPPER_EXTENSION = xctest;
			};
			name = Debug;
		};
		8920A448198B7C3300B9D7F7 /* Release */ = {
			isa = XCBuildConfiguration;
			buildSettings = {
				BUNDLE_LOADER = "$(BUILT_PRODUCTS_DIR)/FOX.framework/Versions/A/FOX";
				FRAMEWORK_SEARCH_PATHS = (
					"$(SDKROOT)/Developer/Library/Frameworks",
					"$(inherited)",
					"$(DEVELOPER_FRAMEWORKS_DIR)",
				);
				GCC_PRECOMPILE_PREFIX_HEADER = YES;
				GCC_PREFIX_HEADER = "FOX-iOS/FOX-iOS-Prefix.pch";
				INFOPLIST_FILE = "FOX-iOSTests/FOX-iOSTests-Info.plist";
				IPHONEOS_DEPLOYMENT_TARGET = 7.1;
				PRODUCT_NAME = "$(TARGET_NAME)";
				SDKROOT = iphoneos;
				TEST_HOST = "$(BUNDLE_LOADER)";
				VALIDATE_PRODUCT = YES;
				WRAPPER_EXTENSION = xctest;
			};
			name = Release;
		};
/* End XCBuildConfiguration section */

/* Begin XCConfigurationList section */
		8920A3ED198B7C1C00B9D7F7 /* Build configuration list for PBXProject "FOX" */ = {
			isa = XCConfigurationList;
			buildConfigurations = (
				8920A419198B7C1C00B9D7F7 /* Debug */,
				8920A41A198B7C1C00B9D7F7 /* Release */,
			);
			defaultConfigurationIsVisible = 0;
			defaultConfigurationName = Release;
		};
		8920A41B198B7C1C00B9D7F7 /* Build configuration list for PBXNativeTarget "FOX" */ = {
			isa = XCConfigurationList;
			buildConfigurations = (
				8920A41C198B7C1C00B9D7F7 /* Debug */,
				8920A41D198B7C1C00B9D7F7 /* Release */,
			);
			defaultConfigurationIsVisible = 0;
		};
		8920A41E198B7C1C00B9D7F7 /* Build configuration list for PBXNativeTarget "FOXTests" */ = {
			isa = XCConfigurationList;
			buildConfigurations = (
				8920A41F198B7C1C00B9D7F7 /* Debug */,
				8920A420198B7C1C00B9D7F7 /* Release */,
			);
			defaultConfigurationIsVisible = 0;
		};
		8920A443198B7C3300B9D7F7 /* Build configuration list for PBXNativeTarget "FOX-iOS" */ = {
			isa = XCConfigurationList;
			buildConfigurations = (
				8920A444198B7C3300B9D7F7 /* Debug */,
				8920A445198B7C3300B9D7F7 /* Release */,
			);
			defaultConfigurationIsVisible = 0;
		};
		8920A446198B7C3300B9D7F7 /* Build configuration list for PBXNativeTarget "FOX-iOSTests" */ = {
			isa = XCConfigurationList;
			buildConfigurations = (
				8920A447198B7C3300B9D7F7 /* Debug */,
				8920A448198B7C3300B9D7F7 /* Release */,
			);
			defaultConfigurationIsVisible = 0;
		};
/* End XCConfigurationList section */
	};
	rootObject = 8920A3EA198B7C1C00B9D7F7 /* Project object */;
}
